// !$*UTF8*$!
{
	archiveVersion = 1;
	classes = {
	};
	objectVersion = 46;
	objects = {

/* Begin PBXBuildFile section */
		305FBE7F99B0091B15EB5FE1 /* Pods_OpenAirSwift_MacTests.framework in Frameworks */ = {isa = PBXBuildFile; fileRef = 9E64ED5ECDBF413BBF01B552 /* Pods_OpenAirSwift_MacTests.framework */; };
		3801866CB5DD624B6E1B5FF8 /* Pods_OpenAirSwift_Mac.framework in Frameworks */ = {isa = PBXBuildFile; fileRef = 2AD56E53BF2956E09C98B05E /* Pods_OpenAirSwift_Mac.framework */; };
		400E31D9201893FC00C52350 /* RequestBuilder.swift in Sources */ = {isa = PBXBuildFile; fileRef = 400E31D8201893FC00C52350 /* RequestBuilder.swift */; };
		400E31DB2018ACBA00C52350 /* OpenAirDTO.swift in Sources */ = {isa = PBXBuildFile; fileRef = 400E31DA2018ACBA00C52350 /* OpenAirDTO.swift */; };
		400E31DD2018AD6600C52350 /* Timesheet.swift in Sources */ = {isa = PBXBuildFile; fileRef = 400E31DC2018AD6600C52350 /* Timesheet.swift */; };
		400E31DE2018B41800C52350 /* OpenAirDTO.swift in Sources */ = {isa = PBXBuildFile; fileRef = 400E31DA2018ACBA00C52350 /* OpenAirDTO.swift */; };
		400E31E02018CA4400C52350 /* RequestConfiguration.swift in Sources */ = {isa = PBXBuildFile; fileRef = 400E31DF2018CA4400C52350 /* RequestConfiguration.swift */; };
		400E31E22018D14300C52350 /* OpenAirDate.swift in Sources */ = {isa = PBXBuildFile; fileRef = 400E31E12018D14300C52350 /* OpenAirDate.swift */; };
		400E31E32018D1B000C52350 /* OpenAirDate.swift in Sources */ = {isa = PBXBuildFile; fileRef = 400E31E12018D14300C52350 /* OpenAirDate.swift */; };
		400E31E52018D5CC00C52350 /* Login.swift in Sources */ = {isa = PBXBuildFile; fileRef = 400E31E42018D5CC00C52350 /* Login.swift */; };
		400E31E72018DF5E00C52350 /* User.swift in Sources */ = {isa = PBXBuildFile; fileRef = 400E31E62018DF5E00C52350 /* User.swift */; };
		400E31E82018E5E900C52350 /* RequestBuilder.swift in Sources */ = {isa = PBXBuildFile; fileRef = 400E31D8201893FC00C52350 /* RequestBuilder.swift */; };
		400E31EA2018E7D000C52350 /* Task.swift in Sources */ = {isa = PBXBuildFile; fileRef = 400E31E92018E7D000C52350 /* Task.swift */; };
		400E31EB2019D90100C52350 /* RequestConfiguration.swift in Sources */ = {isa = PBXBuildFile; fileRef = 400E31DF2018CA4400C52350 /* RequestConfiguration.swift */; };
		400E31EE201A047A00C52350 /* RequestBuilderCanAuthenticateTestsSpec.swift in Sources */ = {isa = PBXBuildFile; fileRef = 400E31ED201A047A00C52350 /* RequestBuilderCanAuthenticateTestsSpec.swift */; };
		400E31EF201A047A00C52350 /* RequestBuilderCanAuthenticateTestsSpec.swift in Sources */ = {isa = PBXBuildFile; fileRef = 400E31ED201A047A00C52350 /* RequestBuilderCanAuthenticateTestsSpec.swift */; };
		400E31F1201A07CC00C52350 /* RequestBuilderCanGetSpecificTimesheetsTestsSpec.swift in Sources */ = {isa = PBXBuildFile; fileRef = 400E31F0201A07CC00C52350 /* RequestBuilderCanGetSpecificTimesheetsTestsSpec.swift */; };
		400E31F2201A07CC00C52350 /* RequestBuilderCanGetSpecificTimesheetsTestsSpec.swift in Sources */ = {isa = PBXBuildFile; fileRef = 400E31F0201A07CC00C52350 /* RequestBuilderCanGetSpecificTimesheetsTestsSpec.swift */; };
		400E31F4201A085100C52350 /* RequestBuilderCanAddTimesheetsTestsSpec.swift in Sources */ = {isa = PBXBuildFile; fileRef = 400E31F3201A085100C52350 /* RequestBuilderCanAddTimesheetsTestsSpec.swift */; };
		400E31F5201A085100C52350 /* RequestBuilderCanAddTimesheetsTestsSpec.swift in Sources */ = {isa = PBXBuildFile; fileRef = 400E31F3201A085100C52350 /* RequestBuilderCanAddTimesheetsTestsSpec.swift */; };
		400E31F7201A09A200C52350 /* RequestBuilderCanSubmitTimesheetsTestsSpec.swift in Sources */ = {isa = PBXBuildFile; fileRef = 400E31F6201A09A200C52350 /* RequestBuilderCanSubmitTimesheetsTestsSpec.swift */; };
		400E31F8201A09A200C52350 /* RequestBuilderCanSubmitTimesheetsTestsSpec.swift in Sources */ = {isa = PBXBuildFile; fileRef = 400E31F6201A09A200C52350 /* RequestBuilderCanSubmitTimesheetsTestsSpec.swift */; };
		400E31FA201A09C100C52350 /* RequestBuilderCanGetProjectsTasksTestsSpec.swift in Sources */ = {isa = PBXBuildFile; fileRef = 400E31F9201A09C100C52350 /* RequestBuilderCanGetProjectsTasksTestsSpec.swift */; };
		400E31FB201A09C100C52350 /* RequestBuilderCanGetProjectsTasksTestsSpec.swift in Sources */ = {isa = PBXBuildFile; fileRef = 400E31F9201A09C100C52350 /* RequestBuilderCanGetProjectsTasksTestsSpec.swift */; };
		400E31FD201A09D700C52350 /* RequestBuilderCanGetProjectsTestsSpec.swift in Sources */ = {isa = PBXBuildFile; fileRef = 400E31FC201A09D700C52350 /* RequestBuilderCanGetProjectsTestsSpec.swift */; };
		400E31FE201A09D700C52350 /* RequestBuilderCanGetProjectsTestsSpec.swift in Sources */ = {isa = PBXBuildFile; fileRef = 400E31FC201A09D700C52350 /* RequestBuilderCanGetProjectsTestsSpec.swift */; };
		400E3200201A23BC00C52350 /* CommandInterface.swift in Sources */ = {isa = PBXBuildFile; fileRef = 400E31FF201A23BC00C52350 /* CommandInterface.swift */; };
		400E3201201A23CF00C52350 /* CommandInterface.swift in Sources */ = {isa = PBXBuildFile; fileRef = 400E31FF201A23BC00C52350 /* CommandInterface.swift */; };
		400E3202201A23DE00C52350 /* Timesheet.swift in Sources */ = {isa = PBXBuildFile; fileRef = 400E31DC2018AD6600C52350 /* Timesheet.swift */; };
		400E3203201A23E500C52350 /* Login.swift in Sources */ = {isa = PBXBuildFile; fileRef = 400E31E42018D5CC00C52350 /* Login.swift */; };
		400E3204201A23E900C52350 /* User.swift in Sources */ = {isa = PBXBuildFile; fileRef = 400E31E62018DF5E00C52350 /* User.swift */; };
		400E3205201A23EC00C52350 /* Task.swift in Sources */ = {isa = PBXBuildFile; fileRef = 400E31E92018E7D000C52350 /* Task.swift */; };
		400E3207201A243F00C52350 /* CommandImplementation.swift in Sources */ = {isa = PBXBuildFile; fileRef = 400E3206201A243F00C52350 /* CommandImplementation.swift */; };
		400E3208201A245800C52350 /* CommandImplementation.swift in Sources */ = {isa = PBXBuildFile; fileRef = 400E3206201A243F00C52350 /* CommandImplementation.swift */; };
		400E320A201AA05E00C52350 /* OpenAirDTO+Utillities.swift in Sources */ = {isa = PBXBuildFile; fileRef = 400E3209201AA05E00C52350 /* OpenAirDTO+Utillities.swift */; };
		400E320B201AA06200C52350 /* OpenAirDTO+Utillities.swift in Sources */ = {isa = PBXBuildFile; fileRef = 400E3209201AA05E00C52350 /* OpenAirDTO+Utillities.swift */; };
		400E320E201F1C8200C52350 /* StringExtensions.swift in Sources */ = {isa = PBXBuildFile; fileRef = 400E320D201F1C8200C52350 /* StringExtensions.swift */; };
		400E3211201F1D2700C52350 /* TimeIntervalExtensions.swift in Sources */ = {isa = PBXBuildFile; fileRef = 400E3210201F1D2700C52350 /* TimeIntervalExtensions.swift */; };
		40530DE22021F14600C93BAB /* Approval.swift in Sources */ = {isa = PBXBuildFile; fileRef = 40530DE12021F14600C93BAB /* Approval.swift */; };
		40530DE32021F14600C93BAB /* Approval.swift in Sources */ = {isa = PBXBuildFile; fileRef = 40530DE12021F14600C93BAB /* Approval.swift */; };
		40737A782020B5EC00EAA3C5 /* DayOfWeek.swift in Sources */ = {isa = PBXBuildFile; fileRef = 40737A772020B5EC00EAA3C5 /* DayOfWeek.swift */; };
		40737A792020B64D00EAA3C5 /* DayOfWeek.swift in Sources */ = {isa = PBXBuildFile; fileRef = 40737A772020B5EC00EAA3C5 /* DayOfWeek.swift */; };
		40C088E5201F6258007B3935 /* OpenAirDateTests.swift in Sources */ = {isa = PBXBuildFile; fileRef = 40C088E4201F6258007B3935 /* OpenAirDateTests.swift */; };
		40C088E6201F6258007B3935 /* OpenAirDateTests.swift in Sources */ = {isa = PBXBuildFile; fileRef = 40C088E4201F6258007B3935 /* OpenAirDateTests.swift */; };
		40C088E8202069E7007B3935 /* TimesheetTests.swift in Sources */ = {isa = PBXBuildFile; fileRef = 40C088E7202069E7007B3935 /* TimesheetTests.swift */; };
		40C088E9202069E7007B3935 /* TimesheetTests.swift in Sources */ = {isa = PBXBuildFile; fileRef = 40C088E7202069E7007B3935 /* TimesheetTests.swift */; };
		40C088EC20206A68007B3935 /* DateExtensionsTests.swift in Sources */ = {isa = PBXBuildFile; fileRef = 40C088EB20206A68007B3935 /* DateExtensionsTests.swift */; };
		40C088ED20206A68007B3935 /* DateExtensionsTests.swift in Sources */ = {isa = PBXBuildFile; fileRef = 40C088EB20206A68007B3935 /* DateExtensionsTests.swift */; };
		40C088EE2020975C007B3935 /* StringExtensions.swift in Sources */ = {isa = PBXBuildFile; fileRef = 400E320D201F1C8200C52350 /* StringExtensions.swift */; };
		40C088EF20209761007B3935 /* TimeIntervalExtensions.swift in Sources */ = {isa = PBXBuildFile; fileRef = 400E3210201F1D2700C52350 /* TimeIntervalExtensions.swift */; };
		40F829BA20161E6200840651 /* OpenAirSwift_iOS.framework in Frameworks */ = {isa = PBXBuildFile; fileRef = 40F829B120161E6100840651 /* OpenAirSwift_iOS.framework */; };
		40F829D620161E7B00840651 /* OpenAirSwift_Mac.framework in Frameworks */ = {isa = PBXBuildFile; fileRef = 40F829CD20161E7A00840651 /* OpenAirSwift_Mac.framework */; };
		40F829E4201625FE00840651 /* RequestBuilderCanAddTaskToTimesheetsTestsSpec.swift in Sources */ = {isa = PBXBuildFile; fileRef = 607FACEB1AFB9204008FA782 /* RequestBuilderCanAddTaskToTimesheetsTestsSpec.swift */; };
		40F829E5201625FF00840651 /* RequestBuilderCanAddTaskToTimesheetsTestsSpec.swift in Sources */ = {isa = PBXBuildFile; fileRef = 607FACEB1AFB9204008FA782 /* RequestBuilderCanAddTaskToTimesheetsTestsSpec.swift */; };
		40F829E62016260300840651 /* DateExtensions.swift in Sources */ = {isa = PBXBuildFile; fileRef = 40F829A120161D5000840651 /* DateExtensions.swift */; };
		40F829E72016260400840651 /* DateExtensions.swift in Sources */ = {isa = PBXBuildFile; fileRef = 40F829A120161D5000840651 /* DateExtensions.swift */; };
		40F829E82016260600840651 /* OpenairAPIManager.swift in Sources */ = {isa = PBXBuildFile; fileRef = 40F8299F20161D4800840651 /* OpenairAPIManager.swift */; };
		40F829E92016260700840651 /* OpenairAPIManager.swift in Sources */ = {isa = PBXBuildFile; fileRef = 40F8299F20161D4800840651 /* OpenairAPIManager.swift */; };
		40F829EC2016260D00840651 /* Project.swift in Sources */ = {isa = PBXBuildFile; fileRef = 40F829A620161D8900840651 /* Project.swift */; };
		40F829ED2016260E00840651 /* Project.swift in Sources */ = {isa = PBXBuildFile; fileRef = 40F829A620161D8900840651 /* Project.swift */; };
		40F829EE2016261000840651 /* ProjectTask.swift in Sources */ = {isa = PBXBuildFile; fileRef = 40F829A820161D8900840651 /* ProjectTask.swift */; };
		40F829EF2016261100840651 /* ProjectTask.swift in Sources */ = {isa = PBXBuildFile; fileRef = 40F829A820161D8900840651 /* ProjectTask.swift */; };
		4868A6DB1B8DBE28E765F773 /* Pods_OpenAirSwift_iOSTests.framework in Frameworks */ = {isa = PBXBuildFile; fileRef = 609B69A6FD62F97DDD5C095D /* Pods_OpenAirSwift_iOSTests.framework */; };
		5584F828D9C43C3A221135DF /* Pods_OpenAirSwift_iOS.framework in Frameworks */ = {isa = PBXBuildFile; fileRef = DE7155375C88F5A25C2A3D69 /* Pods_OpenAirSwift_iOS.framework */; };
/* End PBXBuildFile section */

/* Begin PBXContainerItemProxy section */
		40F829BB20161E6200840651 /* PBXContainerItemProxy */ = {
			isa = PBXContainerItemProxy;
			containerPortal = 607FACC81AFB9204008FA782 /* Project object */;
			proxyType = 1;
			remoteGlobalIDString = 40F829B020161E6100840651;
			remoteInfo = OpenAirSwift_iOS;
		};
		40F829D720161E7B00840651 /* PBXContainerItemProxy */ = {
			isa = PBXContainerItemProxy;
			containerPortal = 607FACC81AFB9204008FA782 /* Project object */;
			proxyType = 1;
			remoteGlobalIDString = 40F829CC20161E7A00840651;
			remoteInfo = OpenAirSwift_Mac;
		};
/* End PBXContainerItemProxy section */

/* Begin PBXFileReference section */
		05AF465249B8822C6F23722C /* Pods-OpenAirSwift_Mac.debug.xcconfig */ = {isa = PBXFileReference; includeInIndex = 1; lastKnownFileType = text.xcconfig; name = "Pods-OpenAirSwift_Mac.debug.xcconfig"; path = "Pods/Target Support Files/Pods-OpenAirSwift_Mac/Pods-OpenAirSwift_Mac.debug.xcconfig"; sourceTree = "<group>"; };
		1D2050FCB72BED95ED68BE3B /* Pods-OpenAirSwift_MacTests.release.xcconfig */ = {isa = PBXFileReference; includeInIndex = 1; lastKnownFileType = text.xcconfig; name = "Pods-OpenAirSwift_MacTests.release.xcconfig"; path = "Pods/Target Support Files/Pods-OpenAirSwift_MacTests/Pods-OpenAirSwift_MacTests.release.xcconfig"; sourceTree = "<group>"; };
		1F2F7574F9E0283D8469929E /* Pods-OpenAirSwift_iOS.release.xcconfig */ = {isa = PBXFileReference; includeInIndex = 1; lastKnownFileType = text.xcconfig; name = "Pods-OpenAirSwift_iOS.release.xcconfig"; path = "Pods/Target Support Files/Pods-OpenAirSwift_iOS/Pods-OpenAirSwift_iOS.release.xcconfig"; sourceTree = "<group>"; };
		2AD56E53BF2956E09C98B05E /* Pods_OpenAirSwift_Mac.framework */ = {isa = PBXFileReference; explicitFileType = wrapper.framework; includeInIndex = 0; path = Pods_OpenAirSwift_Mac.framework; sourceTree = BUILT_PRODUCTS_DIR; };
		400E31D8201893FC00C52350 /* RequestBuilder.swift */ = {isa = PBXFileReference; lastKnownFileType = sourcecode.swift; path = RequestBuilder.swift; sourceTree = "<group>"; };
		400E31DA2018ACBA00C52350 /* OpenAirDTO.swift */ = {isa = PBXFileReference; lastKnownFileType = sourcecode.swift; path = OpenAirDTO.swift; sourceTree = "<group>"; };
		400E31DC2018AD6600C52350 /* Timesheet.swift */ = {isa = PBXFileReference; lastKnownFileType = sourcecode.swift; path = Timesheet.swift; sourceTree = "<group>"; };
		400E31DF2018CA4400C52350 /* RequestConfiguration.swift */ = {isa = PBXFileReference; lastKnownFileType = sourcecode.swift; path = RequestConfiguration.swift; sourceTree = "<group>"; };
		400E31E12018D14300C52350 /* OpenAirDate.swift */ = {isa = PBXFileReference; lastKnownFileType = sourcecode.swift; path = OpenAirDate.swift; sourceTree = "<group>"; };
		400E31E42018D5CC00C52350 /* Login.swift */ = {isa = PBXFileReference; lastKnownFileType = sourcecode.swift; path = Login.swift; sourceTree = "<group>"; };
		400E31E62018DF5E00C52350 /* User.swift */ = {isa = PBXFileReference; lastKnownFileType = sourcecode.swift; path = User.swift; sourceTree = "<group>"; };
		400E31E92018E7D000C52350 /* Task.swift */ = {isa = PBXFileReference; lastKnownFileType = sourcecode.swift; path = Task.swift; sourceTree = "<group>"; };
		400E31ED201A047A00C52350 /* RequestBuilderCanAuthenticateTestsSpec.swift */ = {isa = PBXFileReference; lastKnownFileType = sourcecode.swift; path = RequestBuilderCanAuthenticateTestsSpec.swift; sourceTree = "<group>"; };
		400E31F0201A07CC00C52350 /* RequestBuilderCanGetSpecificTimesheetsTestsSpec.swift */ = {isa = PBXFileReference; lastKnownFileType = sourcecode.swift; path = RequestBuilderCanGetSpecificTimesheetsTestsSpec.swift; sourceTree = "<group>"; };
		400E31F3201A085100C52350 /* RequestBuilderCanAddTimesheetsTestsSpec.swift */ = {isa = PBXFileReference; lastKnownFileType = sourcecode.swift; path = RequestBuilderCanAddTimesheetsTestsSpec.swift; sourceTree = "<group>"; };
		400E31F6201A09A200C52350 /* RequestBuilderCanSubmitTimesheetsTestsSpec.swift */ = {isa = PBXFileReference; lastKnownFileType = sourcecode.swift; path = RequestBuilderCanSubmitTimesheetsTestsSpec.swift; sourceTree = "<group>"; };
		400E31F9201A09C100C52350 /* RequestBuilderCanGetProjectsTasksTestsSpec.swift */ = {isa = PBXFileReference; lastKnownFileType = sourcecode.swift; path = RequestBuilderCanGetProjectsTasksTestsSpec.swift; sourceTree = "<group>"; };
		400E31FC201A09D700C52350 /* RequestBuilderCanGetProjectsTestsSpec.swift */ = {isa = PBXFileReference; lastKnownFileType = sourcecode.swift; path = RequestBuilderCanGetProjectsTestsSpec.swift; sourceTree = "<group>"; };
		400E31FF201A23BC00C52350 /* CommandInterface.swift */ = {isa = PBXFileReference; lastKnownFileType = sourcecode.swift; path = CommandInterface.swift; sourceTree = "<group>"; };
		400E3206201A243F00C52350 /* CommandImplementation.swift */ = {isa = PBXFileReference; lastKnownFileType = sourcecode.swift; path = CommandImplementation.swift; sourceTree = "<group>"; };
		400E3209201AA05E00C52350 /* OpenAirDTO+Utillities.swift */ = {isa = PBXFileReference; lastKnownFileType = sourcecode.swift; path = "OpenAirDTO+Utillities.swift"; sourceTree = "<group>"; };
		400E320D201F1C8200C52350 /* StringExtensions.swift */ = {isa = PBXFileReference; lastKnownFileType = sourcecode.swift; path = StringExtensions.swift; sourceTree = "<group>"; };
		400E3210201F1D2700C52350 /* TimeIntervalExtensions.swift */ = {isa = PBXFileReference; lastKnownFileType = sourcecode.swift; path = TimeIntervalExtensions.swift; sourceTree = "<group>"; };
		40530DE12021F14600C93BAB /* Approval.swift */ = {isa = PBXFileReference; lastKnownFileType = sourcecode.swift; path = Approval.swift; sourceTree = "<group>"; };
		40737A772020B5EC00EAA3C5 /* DayOfWeek.swift */ = {isa = PBXFileReference; lastKnownFileType = sourcecode.swift; path = DayOfWeek.swift; sourceTree = "<group>"; };
		40BF2A1A200F827900DE2191 /* OpenAirSwift.podspec */ = {isa = PBXFileReference; fileEncoding = 4; lastKnownFileType = text; path = OpenAirSwift.podspec; sourceTree = "<group>"; };
		40C088E4201F6258007B3935 /* OpenAirDateTests.swift */ = {isa = PBXFileReference; lastKnownFileType = sourcecode.swift; path = OpenAirDateTests.swift; sourceTree = "<group>"; };
		40C088E7202069E7007B3935 /* TimesheetTests.swift */ = {isa = PBXFileReference; lastKnownFileType = sourcecode.swift; path = TimesheetTests.swift; sourceTree = "<group>"; };
		40C088EB20206A68007B3935 /* DateExtensionsTests.swift */ = {isa = PBXFileReference; lastKnownFileType = sourcecode.swift; path = DateExtensionsTests.swift; sourceTree = "<group>"; };
		40F8299F20161D4800840651 /* OpenairAPIManager.swift */ = {isa = PBXFileReference; fileEncoding = 4; lastKnownFileType = sourcecode.swift; path = OpenairAPIManager.swift; sourceTree = "<group>"; };
		40F829A120161D5000840651 /* DateExtensions.swift */ = {isa = PBXFileReference; fileEncoding = 4; lastKnownFileType = sourcecode.swift; path = DateExtensions.swift; sourceTree = "<group>"; };
		40F829A620161D8900840651 /* Project.swift */ = {isa = PBXFileReference; fileEncoding = 4; lastKnownFileType = sourcecode.swift; path = Project.swift; sourceTree = "<group>"; };
		40F829A820161D8900840651 /* ProjectTask.swift */ = {isa = PBXFileReference; fileEncoding = 4; lastKnownFileType = sourcecode.swift; path = ProjectTask.swift; sourceTree = "<group>"; };
		40F829B120161E6100840651 /* OpenAirSwift_iOS.framework */ = {isa = PBXFileReference; explicitFileType = wrapper.framework; includeInIndex = 0; path = OpenAirSwift_iOS.framework; sourceTree = BUILT_PRODUCTS_DIR; };
		40F829B920161E6200840651 /* OpenAirSwift_iOSTests.xctest */ = {isa = PBXFileReference; explicitFileType = wrapper.cfbundle; includeInIndex = 0; path = OpenAirSwift_iOSTests.xctest; sourceTree = BUILT_PRODUCTS_DIR; };
		40F829CD20161E7A00840651 /* OpenAirSwift_Mac.framework */ = {isa = PBXFileReference; explicitFileType = wrapper.framework; includeInIndex = 0; path = OpenAirSwift_Mac.framework; sourceTree = BUILT_PRODUCTS_DIR; };
		40F829D520161E7B00840651 /* OpenAirSwift_MacTests.xctest */ = {isa = PBXFileReference; explicitFileType = wrapper.cfbundle; includeInIndex = 0; path = OpenAirSwift_MacTests.xctest; sourceTree = BUILT_PRODUCTS_DIR; };
		4C64D960EB962C709A2AEFBB /* LICENSE */ = {isa = PBXFileReference; includeInIndex = 1; lastKnownFileType = text; path = LICENSE; sourceTree = "<group>"; };
		607FACEA1AFB9204008FA782 /* Info.plist */ = {isa = PBXFileReference; lastKnownFileType = text.plist.xml; path = Info.plist; sourceTree = "<group>"; };
		607FACEB1AFB9204008FA782 /* RequestBuilderCanAddTaskToTimesheetsTestsSpec.swift */ = {isa = PBXFileReference; lastKnownFileType = sourcecode.swift; path = RequestBuilderCanAddTaskToTimesheetsTestsSpec.swift; sourceTree = "<group>"; };
		609B69A6FD62F97DDD5C095D /* Pods_OpenAirSwift_iOSTests.framework */ = {isa = PBXFileReference; explicitFileType = wrapper.framework; includeInIndex = 0; path = Pods_OpenAirSwift_iOSTests.framework; sourceTree = BUILT_PRODUCTS_DIR; };
		6BA9C11E9E0DDBFF93705D0C /* Pods-OpenAirSwift_Tests.debug.xcconfig */ = {isa = PBXFileReference; includeInIndex = 1; lastKnownFileType = text.xcconfig; name = "Pods-OpenAirSwift_Tests.debug.xcconfig"; path = "Pods/Target Support Files/Pods-OpenAirSwift_Tests/Pods-OpenAirSwift_Tests.debug.xcconfig"; sourceTree = "<group>"; };
		74CC1B220650FEA20198379F /* Pods_OpenAirSwift_Tests.framework */ = {isa = PBXFileReference; explicitFileType = wrapper.framework; includeInIndex = 0; path = Pods_OpenAirSwift_Tests.framework; sourceTree = BUILT_PRODUCTS_DIR; };
		86019C2EAD505B960E5DBB9C /* Pods-OpenAirSwift_Mac.release.xcconfig */ = {isa = PBXFileReference; includeInIndex = 1; lastKnownFileType = text.xcconfig; name = "Pods-OpenAirSwift_Mac.release.xcconfig"; path = "Pods/Target Support Files/Pods-OpenAirSwift_Mac/Pods-OpenAirSwift_Mac.release.xcconfig"; sourceTree = "<group>"; };
		9B66AA16913564CD3C7B3143 /* Pods-OpenAirSwift_iOS.debug.xcconfig */ = {isa = PBXFileReference; includeInIndex = 1; lastKnownFileType = text.xcconfig; name = "Pods-OpenAirSwift_iOS.debug.xcconfig"; path = "Pods/Target Support Files/Pods-OpenAirSwift_iOS/Pods-OpenAirSwift_iOS.debug.xcconfig"; sourceTree = "<group>"; };
		9E64ED5ECDBF413BBF01B552 /* Pods_OpenAirSwift_MacTests.framework */ = {isa = PBXFileReference; explicitFileType = wrapper.framework; includeInIndex = 0; path = Pods_OpenAirSwift_MacTests.framework; sourceTree = BUILT_PRODUCTS_DIR; };
		AA79215888C2ABBB85B078F2 /* Pods-OpenAirSwift_iOSTests.release.xcconfig */ = {isa = PBXFileReference; includeInIndex = 1; lastKnownFileType = text.xcconfig; name = "Pods-OpenAirSwift_iOSTests.release.xcconfig"; path = "Pods/Target Support Files/Pods-OpenAirSwift_iOSTests/Pods-OpenAirSwift_iOSTests.release.xcconfig"; sourceTree = "<group>"; };
		C09944FCE5B0DAAD204A8995 /* Pods-OpenAirSwift_iOSTests.debug.xcconfig */ = {isa = PBXFileReference; includeInIndex = 1; lastKnownFileType = text.xcconfig; name = "Pods-OpenAirSwift_iOSTests.debug.xcconfig"; path = "Pods/Target Support Files/Pods-OpenAirSwift_iOSTests/Pods-OpenAirSwift_iOSTests.debug.xcconfig"; sourceTree = "<group>"; };
		CC387CAC0114EAE86E11C678 /* Pods-OpenAirSwift_Tests.release.xcconfig */ = {isa = PBXFileReference; includeInIndex = 1; lastKnownFileType = text.xcconfig; name = "Pods-OpenAirSwift_Tests.release.xcconfig"; path = "Pods/Target Support Files/Pods-OpenAirSwift_Tests/Pods-OpenAirSwift_Tests.release.xcconfig"; sourceTree = "<group>"; };
		DE7155375C88F5A25C2A3D69 /* Pods_OpenAirSwift_iOS.framework */ = {isa = PBXFileReference; explicitFileType = wrapper.framework; includeInIndex = 0; path = Pods_OpenAirSwift_iOS.framework; sourceTree = BUILT_PRODUCTS_DIR; };
		DFA209B9EBB1E7C553C1AC35 /* README.md */ = {isa = PBXFileReference; includeInIndex = 1; lastKnownFileType = net.daringfireball.markdown; path = README.md; sourceTree = "<group>"; };
		F8CA114C003EA2458C57BAF7 /* Pods-OpenAirSwift_MacTests.debug.xcconfig */ = {isa = PBXFileReference; includeInIndex = 1; lastKnownFileType = text.xcconfig; name = "Pods-OpenAirSwift_MacTests.debug.xcconfig"; path = "Pods/Target Support Files/Pods-OpenAirSwift_MacTests/Pods-OpenAirSwift_MacTests.debug.xcconfig"; sourceTree = "<group>"; };
/* End PBXFileReference section */

/* Begin PBXFrameworksBuildPhase section */
		40F829AD20161E6100840651 /* Frameworks */ = {
			isa = PBXFrameworksBuildPhase;
			buildActionMask = 2147483647;
			files = (
				5584F828D9C43C3A221135DF /* Pods_OpenAirSwift_iOS.framework in Frameworks */,
			);
			runOnlyForDeploymentPostprocessing = 0;
		};
		40F829B620161E6200840651 /* Frameworks */ = {
			isa = PBXFrameworksBuildPhase;
			buildActionMask = 2147483647;
			files = (
				40F829BA20161E6200840651 /* OpenAirSwift_iOS.framework in Frameworks */,
				4868A6DB1B8DBE28E765F773 /* Pods_OpenAirSwift_iOSTests.framework in Frameworks */,
			);
			runOnlyForDeploymentPostprocessing = 0;
		};
		40F829C920161E7A00840651 /* Frameworks */ = {
			isa = PBXFrameworksBuildPhase;
			buildActionMask = 2147483647;
			files = (
				3801866CB5DD624B6E1B5FF8 /* Pods_OpenAirSwift_Mac.framework in Frameworks */,
			);
			runOnlyForDeploymentPostprocessing = 0;
		};
		40F829D220161E7B00840651 /* Frameworks */ = {
			isa = PBXFrameworksBuildPhase;
			buildActionMask = 2147483647;
			files = (
				40F829D620161E7B00840651 /* OpenAirSwift_Mac.framework in Frameworks */,
				305FBE7F99B0091B15EB5FE1 /* Pods_OpenAirSwift_MacTests.framework in Frameworks */,
			);
			runOnlyForDeploymentPostprocessing = 0;
		};
/* End PBXFrameworksBuildPhase section */

/* Begin PBXGroup section */
		400E31EC201A042C00C52350 /* RequestBuilderTests */ = {
			isa = PBXGroup;
			children = (
				607FACEB1AFB9204008FA782 /* RequestBuilderCanAddTaskToTimesheetsTestsSpec.swift */,
				400E31ED201A047A00C52350 /* RequestBuilderCanAuthenticateTestsSpec.swift */,
				400E31F0201A07CC00C52350 /* RequestBuilderCanGetSpecificTimesheetsTestsSpec.swift */,
				400E31F3201A085100C52350 /* RequestBuilderCanAddTimesheetsTestsSpec.swift */,
				400E31F6201A09A200C52350 /* RequestBuilderCanSubmitTimesheetsTestsSpec.swift */,
				400E31F9201A09C100C52350 /* RequestBuilderCanGetProjectsTasksTestsSpec.swift */,
				400E31FC201A09D700C52350 /* RequestBuilderCanGetProjectsTestsSpec.swift */,
			);
			name = RequestBuilderTests;
			sourceTree = "<group>";
		};
		400E320C201F1C5700C52350 /* Utilities */ = {
			isa = PBXGroup;
			children = (
				400E3209201AA05E00C52350 /* OpenAirDTO+Utillities.swift */,
				40F829A120161D5000840651 /* DateExtensions.swift */,
				400E320D201F1C8200C52350 /* StringExtensions.swift */,
				400E3210201F1D2700C52350 /* TimeIntervalExtensions.swift */,
			);
			path = Utilities;
			sourceTree = "<group>";
		};
		40C088E3201F6239007B3935 /* OpenAirDTOTests */ = {
			isa = PBXGroup;
			children = (
				40C088E4201F6258007B3935 /* OpenAirDateTests.swift */,
				40C088E7202069E7007B3935 /* TimesheetTests.swift */,
			);
			name = OpenAirDTOTests;
			sourceTree = "<group>";
		};
		40C088EA20206A57007B3935 /* UtilitiesTests */ = {
			isa = PBXGroup;
			children = (
				40C088EB20206A68007B3935 /* DateExtensionsTests.swift */,
			);
			name = UtilitiesTests;
			sourceTree = "<group>";
		};
		40F8299C20161CEC00840651 /* Source */ = {
			isa = PBXGroup;
			children = (
				400E320C201F1C5700C52350 /* Utilities */,
				40F829A520161D6800840651 /* Model */,
				40F8299F20161D4800840651 /* OpenairAPIManager.swift */,
				400E31D8201893FC00C52350 /* RequestBuilder.swift */,
				400E31FF201A23BC00C52350 /* CommandInterface.swift */,
				400E3206201A243F00C52350 /* CommandImplementation.swift */,
			);
			name = Source;
			path = ../Source/Classes;
			sourceTree = "<group>";
		};
		40F829A520161D6800840651 /* Model */ = {
			isa = PBXGroup;
			children = (
				400E31DA2018ACBA00C52350 /* OpenAirDTO.swift */,
				40F829A620161D8900840651 /* Project.swift */,
				40F829A820161D8900840651 /* ProjectTask.swift */,
				400E31DC2018AD6600C52350 /* Timesheet.swift */,
				400E31DF2018CA4400C52350 /* RequestConfiguration.swift */,
				400E31E12018D14300C52350 /* OpenAirDate.swift */,
				400E31E42018D5CC00C52350 /* Login.swift */,
				400E31E62018DF5E00C52350 /* User.swift */,
				400E31E92018E7D000C52350 /* Task.swift */,
				40737A772020B5EC00EAA3C5 /* DayOfWeek.swift */,
				40530DE12021F14600C93BAB /* Approval.swift */,
			);
			path = Model;
			sourceTree = "<group>";
		};
		607FACC71AFB9204008FA782 = {
			isa = PBXGroup;
			children = (
				607FACF51AFB993E008FA782 /* Podspec Metadata */,
				40F8299C20161CEC00840651 /* Source */,
				607FACE81AFB9204008FA782 /* Tests */,
				607FACD11AFB9204008FA782 /* Products */,
				D626E647083DAE2CEE73C7FB /* Pods */,
				87300C1AE824F67A3F6D5185 /* Frameworks */,
			);
			sourceTree = "<group>";
		};
		607FACD11AFB9204008FA782 /* Products */ = {
			isa = PBXGroup;
			children = (
				40F829B120161E6100840651 /* OpenAirSwift_iOS.framework */,
				40F829B920161E6200840651 /* OpenAirSwift_iOSTests.xctest */,
				40F829CD20161E7A00840651 /* OpenAirSwift_Mac.framework */,
				40F829D520161E7B00840651 /* OpenAirSwift_MacTests.xctest */,
			);
			name = Products;
			sourceTree = "<group>";
		};
		607FACE81AFB9204008FA782 /* Tests */ = {
			isa = PBXGroup;
			children = (
				40C088EA20206A57007B3935 /* UtilitiesTests */,
				40C088E3201F6239007B3935 /* OpenAirDTOTests */,
				400E31EC201A042C00C52350 /* RequestBuilderTests */,
				607FACE91AFB9204008FA782 /* Supporting Files */,
			);
			path = Tests;
			sourceTree = "<group>";
		};
		607FACE91AFB9204008FA782 /* Supporting Files */ = {
			isa = PBXGroup;
			children = (
				607FACEA1AFB9204008FA782 /* Info.plist */,
			);
			name = "Supporting Files";
			sourceTree = "<group>";
		};
		607FACF51AFB993E008FA782 /* Podspec Metadata */ = {
			isa = PBXGroup;
			children = (
				40BF2A1A200F827900DE2191 /* OpenAirSwift.podspec */,
				DFA209B9EBB1E7C553C1AC35 /* README.md */,
				4C64D960EB962C709A2AEFBB /* LICENSE */,
			);
			name = "Podspec Metadata";
			path = ..;
			sourceTree = "<group>";
		};
		87300C1AE824F67A3F6D5185 /* Frameworks */ = {
			isa = PBXGroup;
			children = (
				74CC1B220650FEA20198379F /* Pods_OpenAirSwift_Tests.framework */,
				9E64ED5ECDBF413BBF01B552 /* Pods_OpenAirSwift_MacTests.framework */,
				609B69A6FD62F97DDD5C095D /* Pods_OpenAirSwift_iOSTests.framework */,
				2AD56E53BF2956E09C98B05E /* Pods_OpenAirSwift_Mac.framework */,
				DE7155375C88F5A25C2A3D69 /* Pods_OpenAirSwift_iOS.framework */,
			);
			name = Frameworks;
			sourceTree = "<group>";
		};
		D626E647083DAE2CEE73C7FB /* Pods */ = {
			isa = PBXGroup;
			children = (
				6BA9C11E9E0DDBFF93705D0C /* Pods-OpenAirSwift_Tests.debug.xcconfig */,
				CC387CAC0114EAE86E11C678 /* Pods-OpenAirSwift_Tests.release.xcconfig */,
				F8CA114C003EA2458C57BAF7 /* Pods-OpenAirSwift_MacTests.debug.xcconfig */,
				1D2050FCB72BED95ED68BE3B /* Pods-OpenAirSwift_MacTests.release.xcconfig */,
				C09944FCE5B0DAAD204A8995 /* Pods-OpenAirSwift_iOSTests.debug.xcconfig */,
				AA79215888C2ABBB85B078F2 /* Pods-OpenAirSwift_iOSTests.release.xcconfig */,
				05AF465249B8822C6F23722C /* Pods-OpenAirSwift_Mac.debug.xcconfig */,
				86019C2EAD505B960E5DBB9C /* Pods-OpenAirSwift_Mac.release.xcconfig */,
				9B66AA16913564CD3C7B3143 /* Pods-OpenAirSwift_iOS.debug.xcconfig */,
				1F2F7574F9E0283D8469929E /* Pods-OpenAirSwift_iOS.release.xcconfig */,
			);
			name = Pods;
			sourceTree = "<group>";
		};
/* End PBXGroup section */

/* Begin PBXHeadersBuildPhase section */
		40F829AE20161E6100840651 /* Headers */ = {
			isa = PBXHeadersBuildPhase;
			buildActionMask = 2147483647;
			files = (
			);
			runOnlyForDeploymentPostprocessing = 0;
		};
		40F829CA20161E7A00840651 /* Headers */ = {
			isa = PBXHeadersBuildPhase;
			buildActionMask = 2147483647;
			files = (
			);
			runOnlyForDeploymentPostprocessing = 0;
		};
/* End PBXHeadersBuildPhase section */

/* Begin PBXNativeTarget section */
		40F829B020161E6100840651 /* OpenAirSwift_iOS */ = {
			isa = PBXNativeTarget;
			buildConfigurationList = 40F829C620161E6200840651 /* Build configuration list for PBXNativeTarget "OpenAirSwift_iOS" */;
			buildPhases = (
				F68B4776B96C90EA456A371A /* [CP] Check Pods Manifest.lock */,
				40F829AC20161E6100840651 /* Sources */,
				40F829AD20161E6100840651 /* Frameworks */,
				40F829AE20161E6100840651 /* Headers */,
				40F829AF20161E6100840651 /* Resources */,
				E38021B5A7CE8828F876AA22 /* [CP] Copy Pods Resources */,
			);
			buildRules = (
			);
			dependencies = (
			);
			name = OpenAirSwift_iOS;
			productName = OpenAirSwift_iOS;
			productReference = 40F829B120161E6100840651 /* OpenAirSwift_iOS.framework */;
			productType = "com.apple.product-type.framework";
		};
		40F829B820161E6200840651 /* OpenAirSwift_iOSTests */ = {
			isa = PBXNativeTarget;
			buildConfigurationList = 40F829C720161E6200840651 /* Build configuration list for PBXNativeTarget "OpenAirSwift_iOSTests" */;
			buildPhases = (
				E37B7B30F613ED766588FDCE /* [CP] Check Pods Manifest.lock */,
				40F829B520161E6200840651 /* Sources */,
				40F829B620161E6200840651 /* Frameworks */,
				40F829B720161E6200840651 /* Resources */,
				1969B7F2EE5CC6A0E151103E /* [CP] Embed Pods Frameworks */,
				B2BFBCF5D6278966291D7A6F /* [CP] Copy Pods Resources */,
			);
			buildRules = (
			);
			dependencies = (
				40F829BC20161E6200840651 /* PBXTargetDependency */,
			);
			name = OpenAirSwift_iOSTests;
			productName = OpenAirSwift_iOSTests;
			productReference = 40F829B920161E6200840651 /* OpenAirSwift_iOSTests.xctest */;
			productType = "com.apple.product-type.bundle.unit-test";
		};
		40F829CC20161E7A00840651 /* OpenAirSwift_Mac */ = {
			isa = PBXNativeTarget;
			buildConfigurationList = 40F829DE20161E7B00840651 /* Build configuration list for PBXNativeTarget "OpenAirSwift_Mac" */;
			buildPhases = (
				627FD8ACF3C3AC5CBED8821A /* [CP] Check Pods Manifest.lock */,
				40F829C820161E7A00840651 /* Sources */,
				40F829C920161E7A00840651 /* Frameworks */,
				40F829CA20161E7A00840651 /* Headers */,
				40F829CB20161E7A00840651 /* Resources */,
				D9C08A6292BC3A11CB9644EC /* [CP] Copy Pods Resources */,
			);
			buildRules = (
			);
			dependencies = (
			);
			name = OpenAirSwift_Mac;
			productName = OpenAirSwift_Mac;
			productReference = 40F829CD20161E7A00840651 /* OpenAirSwift_Mac.framework */;
			productType = "com.apple.product-type.framework";
		};
		40F829D420161E7B00840651 /* OpenAirSwift_MacTests */ = {
			isa = PBXNativeTarget;
			buildConfigurationList = 40F829E120161E7B00840651 /* Build configuration list for PBXNativeTarget "OpenAirSwift_MacTests" */;
			buildPhases = (
				FDDDF79E9883C2C6FAE2F794 /* [CP] Check Pods Manifest.lock */,
				40F829D120161E7B00840651 /* Sources */,
				40F829D220161E7B00840651 /* Frameworks */,
				40F829D320161E7B00840651 /* Resources */,
				B9A2CBCD6423DB62B2192C23 /* [CP] Embed Pods Frameworks */,
				41E1EC667164A2EDA50E404E /* [CP] Copy Pods Resources */,
			);
			buildRules = (
			);
			dependencies = (
				40F829D820161E7B00840651 /* PBXTargetDependency */,
			);
			name = OpenAirSwift_MacTests;
			productName = OpenAirSwift_MacTests;
			productReference = 40F829D520161E7B00840651 /* OpenAirSwift_MacTests.xctest */;
			productType = "com.apple.product-type.bundle.unit-test";
		};
/* End PBXNativeTarget section */

/* Begin PBXProject section */
		607FACC81AFB9204008FA782 /* Project object */ = {
			isa = PBXProject;
			attributes = {
				LastSwiftUpdateCheck = 0920;
				LastUpgradeCheck = 0830;
				ORGANIZATIONNAME = CocoaPods;
				TargetAttributes = {
					40F829B020161E6100840651 = {
						CreatedOnToolsVersion = 9.2;
						ProvisioningStyle = Automatic;
					};
					40F829B820161E6200840651 = {
						CreatedOnToolsVersion = 9.2;
						ProvisioningStyle = Automatic;
					};
					40F829CC20161E7A00840651 = {
						CreatedOnToolsVersion = 9.2;
						ProvisioningStyle = Automatic;
					};
					40F829D420161E7B00840651 = {
						CreatedOnToolsVersion = 9.2;
						ProvisioningStyle = Automatic;
					};
				};
			};
			buildConfigurationList = 607FACCB1AFB9204008FA782 /* Build configuration list for PBXProject "OpenAirSwift" */;
			compatibilityVersion = "Xcode 3.2";
			developmentRegion = English;
			hasScannedForEncodings = 0;
			knownRegions = (
				en,
				Base,
			);
			mainGroup = 607FACC71AFB9204008FA782;
			productRefGroup = 607FACD11AFB9204008FA782 /* Products */;
			projectDirPath = "";
			projectRoot = "";
			targets = (
				40F829B020161E6100840651 /* OpenAirSwift_iOS */,
				40F829B820161E6200840651 /* OpenAirSwift_iOSTests */,
				40F829CC20161E7A00840651 /* OpenAirSwift_Mac */,
				40F829D420161E7B00840651 /* OpenAirSwift_MacTests */,
			);
		};
/* End PBXProject section */

/* Begin PBXResourcesBuildPhase section */
		40F829AF20161E6100840651 /* Resources */ = {
			isa = PBXResourcesBuildPhase;
			buildActionMask = 2147483647;
			files = (
			);
			runOnlyForDeploymentPostprocessing = 0;
		};
		40F829B720161E6200840651 /* Resources */ = {
			isa = PBXResourcesBuildPhase;
			buildActionMask = 2147483647;
			files = (
			);
			runOnlyForDeploymentPostprocessing = 0;
		};
		40F829CB20161E7A00840651 /* Resources */ = {
			isa = PBXResourcesBuildPhase;
			buildActionMask = 2147483647;
			files = (
			);
			runOnlyForDeploymentPostprocessing = 0;
		};
		40F829D320161E7B00840651 /* Resources */ = {
			isa = PBXResourcesBuildPhase;
			buildActionMask = 2147483647;
			files = (
			);
			runOnlyForDeploymentPostprocessing = 0;
		};
/* End PBXResourcesBuildPhase section */

/* Begin PBXShellScriptBuildPhase section */
		1969B7F2EE5CC6A0E151103E /* [CP] Embed Pods Frameworks */ = {
			isa = PBXShellScriptBuildPhase;
			buildActionMask = 2147483647;
			files = (
			);
			inputPaths = (
				"${SRCROOT}/Pods/Target Support Files/Pods-OpenAirSwift_iOSTests/Pods-OpenAirSwift_iOSTests-frameworks.sh",
				"${BUILT_PRODUCTS_DIR}/Nimble-iOS/Nimble.framework",
				"${BUILT_PRODUCTS_DIR}/Quick-iOS/Quick.framework",
				"${BUILT_PRODUCTS_DIR}/SwiftyXMLParser-iOS/SwiftyXMLParser.framework",
			);
			name = "[CP] Embed Pods Frameworks";
			outputPaths = (
				"${TARGET_BUILD_DIR}/${FRAMEWORKS_FOLDER_PATH}/Nimble.framework",
				"${TARGET_BUILD_DIR}/${FRAMEWORKS_FOLDER_PATH}/Quick.framework",
				"${TARGET_BUILD_DIR}/${FRAMEWORKS_FOLDER_PATH}/SwiftyXMLParser.framework",
			);
			runOnlyForDeploymentPostprocessing = 0;
			shellPath = /bin/sh;
			shellScript = "\"${SRCROOT}/Pods/Target Support Files/Pods-OpenAirSwift_iOSTests/Pods-OpenAirSwift_iOSTests-frameworks.sh\"\n";
			showEnvVarsInLog = 0;
		};
		41E1EC667164A2EDA50E404E /* [CP] Copy Pods Resources */ = {
			isa = PBXShellScriptBuildPhase;
			buildActionMask = 2147483647;
			files = (
			);
			inputPaths = (
			);
			name = "[CP] Copy Pods Resources";
			outputPaths = (
			);
			runOnlyForDeploymentPostprocessing = 0;
			shellPath = /bin/sh;
			shellScript = "\"${SRCROOT}/Pods/Target Support Files/Pods-OpenAirSwift_MacTests/Pods-OpenAirSwift_MacTests-resources.sh\"\n";
			showEnvVarsInLog = 0;
		};
		627FD8ACF3C3AC5CBED8821A /* [CP] Check Pods Manifest.lock */ = {
			isa = PBXShellScriptBuildPhase;
			buildActionMask = 2147483647;
			files = (
			);
			inputPaths = (
				"${PODS_PODFILE_DIR_PATH}/Podfile.lock",
				"${PODS_ROOT}/Manifest.lock",
			);
			name = "[CP] Check Pods Manifest.lock";
			outputPaths = (
				"$(DERIVED_FILE_DIR)/Pods-OpenAirSwift_Mac-checkManifestLockResult.txt",
			);
			runOnlyForDeploymentPostprocessing = 0;
			shellPath = /bin/sh;
			shellScript = "diff \"${PODS_PODFILE_DIR_PATH}/Podfile.lock\" \"${PODS_ROOT}/Manifest.lock\" > /dev/null\nif [ $? != 0 ] ; then\n    # print error to STDERR\n    echo \"error: The sandbox is not in sync with the Podfile.lock. Run 'pod install' or update your CocoaPods installation.\" >&2\n    exit 1\nfi\n# This output is used by Xcode 'outputs' to avoid re-running this script phase.\necho \"SUCCESS\" > \"${SCRIPT_OUTPUT_FILE_0}\"\n";
			showEnvVarsInLog = 0;
		};
		B2BFBCF5D6278966291D7A6F /* [CP] Copy Pods Resources */ = {
			isa = PBXShellScriptBuildPhase;
			buildActionMask = 2147483647;
			files = (
			);
			inputPaths = (
			);
			name = "[CP] Copy Pods Resources";
			outputPaths = (
			);
			runOnlyForDeploymentPostprocessing = 0;
			shellPath = /bin/sh;
			shellScript = "\"${SRCROOT}/Pods/Target Support Files/Pods-OpenAirSwift_iOSTests/Pods-OpenAirSwift_iOSTests-resources.sh\"\n";
			showEnvVarsInLog = 0;
		};
		B9A2CBCD6423DB62B2192C23 /* [CP] Embed Pods Frameworks */ = {
			isa = PBXShellScriptBuildPhase;
			buildActionMask = 2147483647;
			files = (
			);
			inputPaths = (
				"${SRCROOT}/Pods/Target Support Files/Pods-OpenAirSwift_MacTests/Pods-OpenAirSwift_MacTests-frameworks.sh",
				"${BUILT_PRODUCTS_DIR}/Nimble-macOS/Nimble.framework",
				"${BUILT_PRODUCTS_DIR}/Quick-macOS/Quick.framework",
				"${BUILT_PRODUCTS_DIR}/SwiftyXMLParser-macOS/SwiftyXMLParser.framework",
			);
			name = "[CP] Embed Pods Frameworks";
			outputPaths = (
				"${TARGET_BUILD_DIR}/${FRAMEWORKS_FOLDER_PATH}/Nimble.framework",
				"${TARGET_BUILD_DIR}/${FRAMEWORKS_FOLDER_PATH}/Quick.framework",
				"${TARGET_BUILD_DIR}/${FRAMEWORKS_FOLDER_PATH}/SwiftyXMLParser.framework",
			);
			runOnlyForDeploymentPostprocessing = 0;
			shellPath = /bin/sh;
			shellScript = "\"${SRCROOT}/Pods/Target Support Files/Pods-OpenAirSwift_MacTests/Pods-OpenAirSwift_MacTests-frameworks.sh\"\n";
			showEnvVarsInLog = 0;
		};
		D9C08A6292BC3A11CB9644EC /* [CP] Copy Pods Resources */ = {
			isa = PBXShellScriptBuildPhase;
			buildActionMask = 2147483647;
			files = (
			);
			inputPaths = (
			);
			name = "[CP] Copy Pods Resources";
			outputPaths = (
			);
			runOnlyForDeploymentPostprocessing = 0;
			shellPath = /bin/sh;
			shellScript = "\"${SRCROOT}/Pods/Target Support Files/Pods-OpenAirSwift_Mac/Pods-OpenAirSwift_Mac-resources.sh\"\n";
			showEnvVarsInLog = 0;
		};
		E37B7B30F613ED766588FDCE /* [CP] Check Pods Manifest.lock */ = {
			isa = PBXShellScriptBuildPhase;
			buildActionMask = 2147483647;
			files = (
			);
			inputPaths = (
				"${PODS_PODFILE_DIR_PATH}/Podfile.lock",
				"${PODS_ROOT}/Manifest.lock",
			);
			name = "[CP] Check Pods Manifest.lock";
			outputPaths = (
				"$(DERIVED_FILE_DIR)/Pods-OpenAirSwift_iOSTests-checkManifestLockResult.txt",
			);
			runOnlyForDeploymentPostprocessing = 0;
			shellPath = /bin/sh;
			shellScript = "diff \"${PODS_PODFILE_DIR_PATH}/Podfile.lock\" \"${PODS_ROOT}/Manifest.lock\" > /dev/null\nif [ $? != 0 ] ; then\n    # print error to STDERR\n    echo \"error: The sandbox is not in sync with the Podfile.lock. Run 'pod install' or update your CocoaPods installation.\" >&2\n    exit 1\nfi\n# This output is used by Xcode 'outputs' to avoid re-running this script phase.\necho \"SUCCESS\" > \"${SCRIPT_OUTPUT_FILE_0}\"\n";
			showEnvVarsInLog = 0;
		};
		E38021B5A7CE8828F876AA22 /* [CP] Copy Pods Resources */ = {
			isa = PBXShellScriptBuildPhase;
			buildActionMask = 2147483647;
			files = (
			);
			inputPaths = (
			);
			name = "[CP] Copy Pods Resources";
			outputPaths = (
			);
			runOnlyForDeploymentPostprocessing = 0;
			shellPath = /bin/sh;
			shellScript = "\"${SRCROOT}/Pods/Target Support Files/Pods-OpenAirSwift_iOS/Pods-OpenAirSwift_iOS-resources.sh\"\n";
			showEnvVarsInLog = 0;
		};
		F68B4776B96C90EA456A371A /* [CP] Check Pods Manifest.lock */ = {
			isa = PBXShellScriptBuildPhase;
			buildActionMask = 2147483647;
			files = (
			);
			inputPaths = (
				"${PODS_PODFILE_DIR_PATH}/Podfile.lock",
				"${PODS_ROOT}/Manifest.lock",
			);
			name = "[CP] Check Pods Manifest.lock";
			outputPaths = (
				"$(DERIVED_FILE_DIR)/Pods-OpenAirSwift_iOS-checkManifestLockResult.txt",
			);
			runOnlyForDeploymentPostprocessing = 0;
			shellPath = /bin/sh;
			shellScript = "diff \"${PODS_PODFILE_DIR_PATH}/Podfile.lock\" \"${PODS_ROOT}/Manifest.lock\" > /dev/null\nif [ $? != 0 ] ; then\n    # print error to STDERR\n    echo \"error: The sandbox is not in sync with the Podfile.lock. Run 'pod install' or update your CocoaPods installation.\" >&2\n    exit 1\nfi\n# This output is used by Xcode 'outputs' to avoid re-running this script phase.\necho \"SUCCESS\" > \"${SCRIPT_OUTPUT_FILE_0}\"\n";
			showEnvVarsInLog = 0;
		};
		FDDDF79E9883C2C6FAE2F794 /* [CP] Check Pods Manifest.lock */ = {
			isa = PBXShellScriptBuildPhase;
			buildActionMask = 2147483647;
			files = (
			);
			inputPaths = (
				"${PODS_PODFILE_DIR_PATH}/Podfile.lock",
				"${PODS_ROOT}/Manifest.lock",
			);
			name = "[CP] Check Pods Manifest.lock";
			outputPaths = (
				"$(DERIVED_FILE_DIR)/Pods-OpenAirSwift_MacTests-checkManifestLockResult.txt",
			);
			runOnlyForDeploymentPostprocessing = 0;
			shellPath = /bin/sh;
			shellScript = "diff \"${PODS_PODFILE_DIR_PATH}/Podfile.lock\" \"${PODS_ROOT}/Manifest.lock\" > /dev/null\nif [ $? != 0 ] ; then\n    # print error to STDERR\n    echo \"error: The sandbox is not in sync with the Podfile.lock. Run 'pod install' or update your CocoaPods installation.\" >&2\n    exit 1\nfi\n# This output is used by Xcode 'outputs' to avoid re-running this script phase.\necho \"SUCCESS\" > \"${SCRIPT_OUTPUT_FILE_0}\"\n";
			showEnvVarsInLog = 0;
		};
/* End PBXShellScriptBuildPhase section */

/* Begin PBXSourcesBuildPhase section */
		40F829AC20161E6100840651 /* Sources */ = {
			isa = PBXSourcesBuildPhase;
			buildActionMask = 2147483647;
			files = (
				40737A782020B5EC00EAA3C5 /* DayOfWeek.swift in Sources */,
				400E3211201F1D2700C52350 /* TimeIntervalExtensions.swift in Sources */,
				400E31E22018D14300C52350 /* OpenAirDate.swift in Sources */,
				40F829E62016260300840651 /* DateExtensions.swift in Sources */,
				400E31DD2018AD6600C52350 /* Timesheet.swift in Sources */,
				40F829E82016260600840651 /* OpenairAPIManager.swift in Sources */,
				400E31D9201893FC00C52350 /* RequestBuilder.swift in Sources */,
				40530DE22021F14600C93BAB /* Approval.swift in Sources */,
				40F829EC2016260D00840651 /* Project.swift in Sources */,
				400E3207201A243F00C52350 /* CommandImplementation.swift in Sources */,
				40F829EE2016261000840651 /* ProjectTask.swift in Sources */,
				400E31EA2018E7D000C52350 /* Task.swift in Sources */,
				400E31E72018DF5E00C52350 /* User.swift in Sources */,
				400E31E02018CA4400C52350 /* RequestConfiguration.swift in Sources */,
				400E3200201A23BC00C52350 /* CommandInterface.swift in Sources */,
				400E31E52018D5CC00C52350 /* Login.swift in Sources */,
				400E320A201AA05E00C52350 /* OpenAirDTO+Utillities.swift in Sources */,
				400E31DB2018ACBA00C52350 /* OpenAirDTO.swift in Sources */,
				400E320E201F1C8200C52350 /* StringExtensions.swift in Sources */,
			);
			runOnlyForDeploymentPostprocessing = 0;
		};
		40F829B520161E6200840651 /* Sources */ = {
			isa = PBXSourcesBuildPhase;
			buildActionMask = 2147483647;
			files = (
				40C088E5201F6258007B3935 /* OpenAirDateTests.swift in Sources */,
				400E31FD201A09D700C52350 /* RequestBuilderCanGetProjectsTestsSpec.swift in Sources */,
				40C088E8202069E7007B3935 /* TimesheetTests.swift in Sources */,
				400E31F7201A09A200C52350 /* RequestBuilderCanSubmitTimesheetsTestsSpec.swift in Sources */,
				400E31F4201A085100C52350 /* RequestBuilderCanAddTimesheetsTestsSpec.swift in Sources */,
				40C088EC20206A68007B3935 /* DateExtensionsTests.swift in Sources */,
				400E31F1201A07CC00C52350 /* RequestBuilderCanGetSpecificTimesheetsTestsSpec.swift in Sources */,
				400E31EE201A047A00C52350 /* RequestBuilderCanAuthenticateTestsSpec.swift in Sources */,
				40F829E4201625FE00840651 /* RequestBuilderCanAddTaskToTimesheetsTestsSpec.swift in Sources */,
				400E31FA201A09C100C52350 /* RequestBuilderCanGetProjectsTasksTestsSpec.swift in Sources */,
			);
			runOnlyForDeploymentPostprocessing = 0;
		};
		40F829C820161E7A00840651 /* Sources */ = {
			isa = PBXSourcesBuildPhase;
			buildActionMask = 2147483647;
			files = (
				400E3204201A23E900C52350 /* User.swift in Sources */,
				400E3202201A23DE00C52350 /* Timesheet.swift in Sources */,
				40F829E72016260400840651 /* DateExtensions.swift in Sources */,
				400E3203201A23E500C52350 /* Login.swift in Sources */,
				400E31E32018D1B000C52350 /* OpenAirDate.swift in Sources */,
				400E3201201A23CF00C52350 /* CommandInterface.swift in Sources */,
				400E3208201A245800C52350 /* CommandImplementation.swift in Sources */,
				40530DE32021F14600C93BAB /* Approval.swift in Sources */,
				400E31DE2018B41800C52350 /* OpenAirDTO.swift in Sources */,
				40C088EE2020975C007B3935 /* StringExtensions.swift in Sources */,
				40F829E92016260700840651 /* OpenairAPIManager.swift in Sources */,
				40F829ED2016260E00840651 /* Project.swift in Sources */,
				40F829EF2016261100840651 /* ProjectTask.swift in Sources */,
				40C088EF20209761007B3935 /* TimeIntervalExtensions.swift in Sources */,
				400E31EB2019D90100C52350 /* RequestConfiguration.swift in Sources */,
				400E3205201A23EC00C52350 /* Task.swift in Sources */,
				40737A792020B64D00EAA3C5 /* DayOfWeek.swift in Sources */,
				400E320B201AA06200C52350 /* OpenAirDTO+Utillities.swift in Sources */,
				400E31E82018E5E900C52350 /* RequestBuilder.swift in Sources */,
			);
			runOnlyForDeploymentPostprocessing = 0;
		};
		40F829D120161E7B00840651 /* Sources */ = {
			isa = PBXSourcesBuildPhase;
			buildActionMask = 2147483647;
			files = (
				40C088E6201F6258007B3935 /* OpenAirDateTests.swift in Sources */,
				400E31FE201A09D700C52350 /* RequestBuilderCanGetProjectsTestsSpec.swift in Sources */,
				40C088E9202069E7007B3935 /* TimesheetTests.swift in Sources */,
				400E31F8201A09A200C52350 /* RequestBuilderCanSubmitTimesheetsTestsSpec.swift in Sources */,
				400E31F5201A085100C52350 /* RequestBuilderCanAddTimesheetsTestsSpec.swift in Sources */,
				40C088ED20206A68007B3935 /* DateExtensionsTests.swift in Sources */,
				400E31F2201A07CC00C52350 /* RequestBuilderCanGetSpecificTimesheetsTestsSpec.swift in Sources */,
				400E31EF201A047A00C52350 /* RequestBuilderCanAuthenticateTestsSpec.swift in Sources */,
				40F829E5201625FF00840651 /* RequestBuilderCanAddTaskToTimesheetsTestsSpec.swift in Sources */,
				400E31FB201A09C100C52350 /* RequestBuilderCanGetProjectsTasksTestsSpec.swift in Sources */,
			);
			runOnlyForDeploymentPostprocessing = 0;
		};
/* End PBXSourcesBuildPhase section */

/* Begin PBXTargetDependency section */
		40F829BC20161E6200840651 /* PBXTargetDependency */ = {
			isa = PBXTargetDependency;
			target = 40F829B020161E6100840651 /* OpenAirSwift_iOS */;
			targetProxy = 40F829BB20161E6200840651 /* PBXContainerItemProxy */;
		};
		40F829D820161E7B00840651 /* PBXTargetDependency */ = {
			isa = PBXTargetDependency;
			target = 40F829CC20161E7A00840651 /* OpenAirSwift_Mac */;
			targetProxy = 40F829D720161E7B00840651 /* PBXContainerItemProxy */;
		};
/* End PBXTargetDependency section */

/* Begin XCBuildConfiguration section */
		40F829C220161E6200840651 /* Debug */ = {
			isa = XCBuildConfiguration;
			baseConfigurationReference = 9B66AA16913564CD3C7B3143 /* Pods-OpenAirSwift_iOS.debug.xcconfig */;
			buildSettings = {
				CLANG_ANALYZER_NONNULL = YES;
				CLANG_ANALYZER_NUMBER_OBJECT_CONVERSION = YES_AGGRESSIVE;
				CLANG_CXX_LANGUAGE_STANDARD = "gnu++14";
				CLANG_WARN_DOCUMENTATION_COMMENTS = YES;
				CLANG_WARN_UNGUARDED_AVAILABILITY = YES_AGGRESSIVE;
				CODE_SIGN_IDENTITY = "";
				CODE_SIGN_STYLE = Automatic;
				CURRENT_PROJECT_VERSION = 1;
				DEBUG_INFORMATION_FORMAT = dwarf;
				DEFINES_MODULE = YES;
				DYLIB_COMPATIBILITY_VERSION = 1;
				DYLIB_CURRENT_VERSION = 1;
				DYLIB_INSTALL_NAME_BASE = "@rpath";
				GCC_C_LANGUAGE_STANDARD = gnu11;
				INFOPLIST_FILE = "$(SRCROOT)/Tests/Info.plist";
				INSTALL_PATH = "$(LOCAL_LIBRARY_DIR)/Frameworks";
				IPHONEOS_DEPLOYMENT_TARGET = 9.0;
				LD_RUNPATH_SEARCH_PATHS = "$(inherited) @executable_path/Frameworks @loader_path/Frameworks";
				PRODUCT_BUNDLE_IDENTIFIER = "com.descorp.pods.OpenAirSwift-iOS";
				PRODUCT_NAME = "$(TARGET_NAME:c99extidentifier)";
				SKIP_INSTALL = YES;
				SWIFT_ACTIVE_COMPILATION_CONDITIONS = DEBUG;
				SWIFT_VERSION = 4.0;
				TARGETED_DEVICE_FAMILY = "1,2";
				VERSIONING_SYSTEM = "apple-generic";
				VERSION_INFO_PREFIX = "";
			};
			name = Debug;
		};
		40F829C320161E6200840651 /* Release */ = {
			isa = XCBuildConfiguration;
			baseConfigurationReference = 1F2F7574F9E0283D8469929E /* Pods-OpenAirSwift_iOS.release.xcconfig */;
			buildSettings = {
				CLANG_ANALYZER_NONNULL = YES;
				CLANG_ANALYZER_NUMBER_OBJECT_CONVERSION = YES_AGGRESSIVE;
				CLANG_CXX_LANGUAGE_STANDARD = "gnu++14";
				CLANG_WARN_DOCUMENTATION_COMMENTS = YES;
				CLANG_WARN_UNGUARDED_AVAILABILITY = YES_AGGRESSIVE;
				CODE_SIGN_IDENTITY = "";
				CODE_SIGN_STYLE = Automatic;
				CURRENT_PROJECT_VERSION = 1;
				DEFINES_MODULE = YES;
				DYLIB_COMPATIBILITY_VERSION = 1;
				DYLIB_CURRENT_VERSION = 1;
				DYLIB_INSTALL_NAME_BASE = "@rpath";
				GCC_C_LANGUAGE_STANDARD = gnu11;
				INFOPLIST_FILE = "$(SRCROOT)/Tests/Info.plist";
				INSTALL_PATH = "$(LOCAL_LIBRARY_DIR)/Frameworks";
				IPHONEOS_DEPLOYMENT_TARGET = 9.0;
				LD_RUNPATH_SEARCH_PATHS = "$(inherited) @executable_path/Frameworks @loader_path/Frameworks";
				PRODUCT_BUNDLE_IDENTIFIER = "com.descorp.pods.OpenAirSwift-iOS";
				PRODUCT_NAME = "$(TARGET_NAME:c99extidentifier)";
				SKIP_INSTALL = YES;
				SWIFT_VERSION = 4.0;
				TARGETED_DEVICE_FAMILY = "1,2";
				VERSIONING_SYSTEM = "apple-generic";
				VERSION_INFO_PREFIX = "";
			};
			name = Release;
		};
		40F829C420161E6200840651 /* Debug */ = {
			isa = XCBuildConfiguration;
			baseConfigurationReference = C09944FCE5B0DAAD204A8995 /* Pods-OpenAirSwift_iOSTests.debug.xcconfig */;
			buildSettings = {
				ALWAYS_EMBED_SWIFT_STANDARD_LIBRARIES = YES;
				CLANG_ANALYZER_NONNULL = YES;
				CLANG_ANALYZER_NUMBER_OBJECT_CONVERSION = YES_AGGRESSIVE;
				CLANG_CXX_LANGUAGE_STANDARD = "gnu++14";
				CLANG_WARN_DOCUMENTATION_COMMENTS = YES;
				CLANG_WARN_UNGUARDED_AVAILABILITY = YES_AGGRESSIVE;
				CODE_SIGN_IDENTITY = "";
				CODE_SIGN_STYLE = Automatic;
				DEBUG_INFORMATION_FORMAT = dwarf;
				GCC_C_LANGUAGE_STANDARD = gnu11;
				INFOPLIST_FILE = Tests/Info.plist;
				IPHONEOS_DEPLOYMENT_TARGET = 11.2;
				LD_RUNPATH_SEARCH_PATHS = "$(inherited) @executable_path/Frameworks @loader_path/Frameworks";
				PRODUCT_BUNDLE_IDENTIFIER = "com.descorp.pods.OpenAirSwift-iOSTests";
				PRODUCT_NAME = "$(TARGET_NAME)";
				SWIFT_ACTIVE_COMPILATION_CONDITIONS = DEBUG;
				SWIFT_VERSION = 4.0;
				TARGETED_DEVICE_FAMILY = "1,2";
			};
			name = Debug;
		};
		40F829C520161E6200840651 /* Release */ = {
			isa = XCBuildConfiguration;
			baseConfigurationReference = AA79215888C2ABBB85B078F2 /* Pods-OpenAirSwift_iOSTests.release.xcconfig */;
			buildSettings = {
				ALWAYS_EMBED_SWIFT_STANDARD_LIBRARIES = YES;
				CLANG_ANALYZER_NONNULL = YES;
				CLANG_ANALYZER_NUMBER_OBJECT_CONVERSION = YES_AGGRESSIVE;
				CLANG_CXX_LANGUAGE_STANDARD = "gnu++14";
				CLANG_WARN_DOCUMENTATION_COMMENTS = YES;
				CLANG_WARN_UNGUARDED_AVAILABILITY = YES_AGGRESSIVE;
				CODE_SIGN_IDENTITY = "";
				CODE_SIGN_STYLE = Automatic;
				GCC_C_LANGUAGE_STANDARD = gnu11;
				INFOPLIST_FILE = Tests/Info.plist;
				IPHONEOS_DEPLOYMENT_TARGET = 11.2;
				LD_RUNPATH_SEARCH_PATHS = "$(inherited) @executable_path/Frameworks @loader_path/Frameworks";
				PRODUCT_BUNDLE_IDENTIFIER = "com.descorp.pods.OpenAirSwift-iOSTests";
				PRODUCT_NAME = "$(TARGET_NAME)";
				SWIFT_VERSION = 4.0;
				TARGETED_DEVICE_FAMILY = "1,2";
			};
			name = Release;
		};
		40F829DF20161E7B00840651 /* Debug */ = {
			isa = XCBuildConfiguration;
			baseConfigurationReference = 05AF465249B8822C6F23722C /* Pods-OpenAirSwift_Mac.debug.xcconfig */;
			buildSettings = {
				CLANG_ANALYZER_NONNULL = YES;
				CLANG_ANALYZER_NUMBER_OBJECT_CONVERSION = YES_AGGRESSIVE;
				CLANG_CXX_LANGUAGE_STANDARD = "gnu++14";
				CLANG_WARN_DOCUMENTATION_COMMENTS = YES;
				CLANG_WARN_UNGUARDED_AVAILABILITY = YES_AGGRESSIVE;
				CODE_SIGN_IDENTITY = "-";
				CODE_SIGN_STYLE = Automatic;
				COMBINE_HIDPI_IMAGES = YES;
				CURRENT_PROJECT_VERSION = 1;
				DEBUG_INFORMATION_FORMAT = dwarf;
				DEFINES_MODULE = YES;
				DYLIB_COMPATIBILITY_VERSION = 1;
				DYLIB_CURRENT_VERSION = 1;
				DYLIB_INSTALL_NAME_BASE = "@rpath";
				FRAMEWORK_VERSION = A;
				GCC_C_LANGUAGE_STANDARD = gnu11;
				INFOPLIST_FILE = "$(SRCROOT)/Tests/Info.plist";
				INSTALL_PATH = "$(LOCAL_LIBRARY_DIR)/Frameworks";
				LD_RUNPATH_SEARCH_PATHS = "$(inherited) @executable_path/../Frameworks @loader_path/Frameworks";
				MACOSX_DEPLOYMENT_TARGET = 10.10;
				PRODUCT_BUNDLE_IDENTIFIER = "com.descorp.pods.OpenAirSwift-Mac";
				PRODUCT_NAME = "$(TARGET_NAME:c99extidentifier)";
				SDKROOT = macosx;
				SKIP_INSTALL = YES;
				SWIFT_ACTIVE_COMPILATION_CONDITIONS = DEBUG;
				SWIFT_VERSION = 4.0;
				VERSIONING_SYSTEM = "apple-generic";
				VERSION_INFO_PREFIX = "";
			};
			name = Debug;
		};
		40F829E020161E7B00840651 /* Release */ = {
			isa = XCBuildConfiguration;
			baseConfigurationReference = 86019C2EAD505B960E5DBB9C /* Pods-OpenAirSwift_Mac.release.xcconfig */;
			buildSettings = {
				CLANG_ANALYZER_NONNULL = YES;
				CLANG_ANALYZER_NUMBER_OBJECT_CONVERSION = YES_AGGRESSIVE;
				CLANG_CXX_LANGUAGE_STANDARD = "gnu++14";
				CLANG_WARN_DOCUMENTATION_COMMENTS = YES;
				CLANG_WARN_UNGUARDED_AVAILABILITY = YES_AGGRESSIVE;
				CODE_SIGN_IDENTITY = "-";
				CODE_SIGN_STYLE = Automatic;
				COMBINE_HIDPI_IMAGES = YES;
				CURRENT_PROJECT_VERSION = 1;
				DEFINES_MODULE = YES;
				DYLIB_COMPATIBILITY_VERSION = 1;
				DYLIB_CURRENT_VERSION = 1;
				DYLIB_INSTALL_NAME_BASE = "@rpath";
				FRAMEWORK_VERSION = A;
				GCC_C_LANGUAGE_STANDARD = gnu11;
				INFOPLIST_FILE = "$(SRCROOT)/Tests/Info.plist";
				INSTALL_PATH = "$(LOCAL_LIBRARY_DIR)/Frameworks";
				LD_RUNPATH_SEARCH_PATHS = "$(inherited) @executable_path/../Frameworks @loader_path/Frameworks";
				MACOSX_DEPLOYMENT_TARGET = 10.10;
				PRODUCT_BUNDLE_IDENTIFIER = "com.descorp.pods.OpenAirSwift-Mac";
				PRODUCT_NAME = "$(TARGET_NAME:c99extidentifier)";
				SDKROOT = macosx;
				SKIP_INSTALL = YES;
				SWIFT_VERSION = 4.0;
				VERSIONING_SYSTEM = "apple-generic";
				VERSION_INFO_PREFIX = "";
			};
			name = Release;
		};
		40F829E220161E7B00840651 /* Debug */ = {
			isa = XCBuildConfiguration;
			baseConfigurationReference = F8CA114C003EA2458C57BAF7 /* Pods-OpenAirSwift_MacTests.debug.xcconfig */;
			buildSettings = {
				ALWAYS_EMBED_SWIFT_STANDARD_LIBRARIES = YES;
				CLANG_ANALYZER_NONNULL = YES;
				CLANG_ANALYZER_NUMBER_OBJECT_CONVERSION = YES_AGGRESSIVE;
				CLANG_CXX_LANGUAGE_STANDARD = "gnu++14";
				CLANG_WARN_DOCUMENTATION_COMMENTS = YES;
				CLANG_WARN_UNGUARDED_AVAILABILITY = YES_AGGRESSIVE;
				CODE_SIGN_IDENTITY = "-";
				CODE_SIGN_STYLE = Automatic;
				COMBINE_HIDPI_IMAGES = YES;
				DEBUG_INFORMATION_FORMAT = dwarf;
				GCC_C_LANGUAGE_STANDARD = gnu11;
				INFOPLIST_FILE = Tests/Info.plist;
				LD_RUNPATH_SEARCH_PATHS = "$(inherited) @executable_path/../Frameworks @loader_path/../Frameworks";
				MACOSX_DEPLOYMENT_TARGET = 10.13;
				PRODUCT_BUNDLE_IDENTIFIER = "com.descorp.pods.OpenAirSwift-MacTests";
				PRODUCT_NAME = "$(TARGET_NAME)";
				SDKROOT = macosx;
				SWIFT_ACTIVE_COMPILATION_CONDITIONS = DEBUG;
				SWIFT_VERSION = 4.0;
			};
			name = Debug;
		};
		40F829E320161E7B00840651 /* Release */ = {
			isa = XCBuildConfiguration;
			baseConfigurationReference = 1D2050FCB72BED95ED68BE3B /* Pods-OpenAirSwift_MacTests.release.xcconfig */;
			buildSettings = {
				ALWAYS_EMBED_SWIFT_STANDARD_LIBRARIES = YES;
				CLANG_ANALYZER_NONNULL = YES;
				CLANG_ANALYZER_NUMBER_OBJECT_CONVERSION = YES_AGGRESSIVE;
				CLANG_CXX_LANGUAGE_STANDARD = "gnu++14";
				CLANG_WARN_DOCUMENTATION_COMMENTS = YES;
				CLANG_WARN_UNGUARDED_AVAILABILITY = YES_AGGRESSIVE;
				CODE_SIGN_IDENTITY = "-";
				CODE_SIGN_STYLE = Automatic;
				COMBINE_HIDPI_IMAGES = YES;
				GCC_C_LANGUAGE_STANDARD = gnu11;
				INFOPLIST_FILE = Tests/Info.plist;
				LD_RUNPATH_SEARCH_PATHS = "$(inherited) @executable_path/../Frameworks @loader_path/../Frameworks";
				MACOSX_DEPLOYMENT_TARGET = 10.13;
				PRODUCT_BUNDLE_IDENTIFIER = "com.descorp.pods.OpenAirSwift-MacTests";
				PRODUCT_NAME = "$(TARGET_NAME)";
				SDKROOT = macosx;
				SWIFT_VERSION = 4.0;
			};
			name = Release;
		};
		607FACED1AFB9204008FA782 /* Debug */ = {
			isa = XCBuildConfiguration;
			buildSettings = {
				ALWAYS_SEARCH_USER_PATHS = NO;
				CLANG_CXX_LANGUAGE_STANDARD = "gnu++0x";
				CLANG_CXX_LIBRARY = "libc++";
				CLANG_ENABLE_MODULES = YES;
				CLANG_ENABLE_OBJC_ARC = YES;
				CLANG_WARN_BLOCK_CAPTURE_AUTORELEASING = YES;
				CLANG_WARN_BOOL_CONVERSION = YES;
				CLANG_WARN_COMMA = YES;
				CLANG_WARN_CONSTANT_CONVERSION = YES;
				CLANG_WARN_DIRECT_OBJC_ISA_USAGE = YES_ERROR;
				CLANG_WARN_EMPTY_BODY = YES;
				CLANG_WARN_ENUM_CONVERSION = YES;
				CLANG_WARN_INFINITE_RECURSION = YES;
				CLANG_WARN_INT_CONVERSION = YES;
				CLANG_WARN_NON_LITERAL_NULL_CONVERSION = YES;
				CLANG_WARN_OBJC_LITERAL_CONVERSION = YES;
				CLANG_WARN_OBJC_ROOT_CLASS = YES_ERROR;
				CLANG_WARN_RANGE_LOOP_ANALYSIS = YES;
				CLANG_WARN_STRICT_PROTOTYPES = YES;
				CLANG_WARN_SUSPICIOUS_MOVE = YES;
				CLANG_WARN_UNREACHABLE_CODE = YES;
				CLANG_WARN__DUPLICATE_METHOD_MATCH = YES;
				COPY_PHASE_STRIP = NO;
				DEBUG_INFORMATION_FORMAT = "dwarf-with-dsym";
				ENABLE_STRICT_OBJC_MSGSEND = YES;
				ENABLE_TESTABILITY = YES;
				GCC_C_LANGUAGE_STANDARD = gnu99;
				GCC_DYNAMIC_NO_PIC = NO;
				GCC_NO_COMMON_BLOCKS = YES;
				GCC_OPTIMIZATION_LEVEL = 0;
				GCC_PREPROCESSOR_DEFINITIONS = (
					"DEBUG=1",
					"$(inherited)",
				);
				GCC_SYMBOLS_PRIVATE_EXTERN = NO;
				GCC_WARN_64_TO_32_BIT_CONVERSION = YES;
				GCC_WARN_ABOUT_RETURN_TYPE = YES_ERROR;
				GCC_WARN_UNDECLARED_SELECTOR = YES;
				GCC_WARN_UNINITIALIZED_AUTOS = YES_AGGRESSIVE;
				GCC_WARN_UNUSED_FUNCTION = YES;
				GCC_WARN_UNUSED_VARIABLE = YES;
				IPHONEOS_DEPLOYMENT_TARGET = 9.0;
				MACOSX_DEPLOYMENT_TARGET = 10.10;
				MTL_ENABLE_DEBUG_INFO = YES;
				ONLY_ACTIVE_ARCH = YES;
				SDKROOT = iphoneos;
				SWIFT_OPTIMIZATION_LEVEL = "-Onone";
			};
			name = Debug;
		};
		607FACEE1AFB9204008FA782 /* Release */ = {
			isa = XCBuildConfiguration;
			buildSettings = {
				ALWAYS_SEARCH_USER_PATHS = NO;
				CLANG_CXX_LANGUAGE_STANDARD = "gnu++0x";
				CLANG_CXX_LIBRARY = "libc++";
				CLANG_ENABLE_MODULES = YES;
				CLANG_ENABLE_OBJC_ARC = YES;
				CLANG_WARN_BLOCK_CAPTURE_AUTORELEASING = YES;
				CLANG_WARN_BOOL_CONVERSION = YES;
				CLANG_WARN_COMMA = YES;
				CLANG_WARN_CONSTANT_CONVERSION = YES;
				CLANG_WARN_DIRECT_OBJC_ISA_USAGE = YES_ERROR;
				CLANG_WARN_EMPTY_BODY = YES;
				CLANG_WARN_ENUM_CONVERSION = YES;
				CLANG_WARN_INFINITE_RECURSION = YES;
				CLANG_WARN_INT_CONVERSION = YES;
				CLANG_WARN_NON_LITERAL_NULL_CONVERSION = YES;
				CLANG_WARN_OBJC_LITERAL_CONVERSION = YES;
				CLANG_WARN_OBJC_ROOT_CLASS = YES_ERROR;
				CLANG_WARN_RANGE_LOOP_ANALYSIS = YES;
				CLANG_WARN_STRICT_PROTOTYPES = YES;
				CLANG_WARN_SUSPICIOUS_MOVE = YES;
				CLANG_WARN_UNREACHABLE_CODE = YES;
				CLANG_WARN__DUPLICATE_METHOD_MATCH = YES;
				COPY_PHASE_STRIP = NO;
				DEBUG_INFORMATION_FORMAT = "dwarf-with-dsym";
				ENABLE_NS_ASSERTIONS = NO;
				ENABLE_STRICT_OBJC_MSGSEND = YES;
				GCC_C_LANGUAGE_STANDARD = gnu99;
				GCC_NO_COMMON_BLOCKS = YES;
				GCC_WARN_64_TO_32_BIT_CONVERSION = YES;
				GCC_WARN_ABOUT_RETURN_TYPE = YES_ERROR;
				GCC_WARN_UNDECLARED_SELECTOR = YES;
				GCC_WARN_UNINITIALIZED_AUTOS = YES_AGGRESSIVE;
				GCC_WARN_UNUSED_FUNCTION = YES;
				GCC_WARN_UNUSED_VARIABLE = YES;
				IPHONEOS_DEPLOYMENT_TARGET = 9.0;
				MACOSX_DEPLOYMENT_TARGET = 10.10;
				MTL_ENABLE_DEBUG_INFO = NO;
				SDKROOT = iphoneos;
				SWIFT_OPTIMIZATION_LEVEL = "-Owholemodule";
				VALIDATE_PRODUCT = YES;
			};
			name = Release;
		};
/* End XCBuildConfiguration section */

/* Begin XCConfigurationList section */
		40F829C620161E6200840651 /* Build configuration list for PBXNativeTarget "OpenAirSwift_iOS" */ = {
			isa = XCConfigurationList;
			buildConfigurations = (
				40F829C220161E6200840651 /* Debug */,
				40F829C320161E6200840651 /* Release */,
			);
			defaultConfigurationIsVisible = 0;
			defaultConfigurationName = Release;
		};
		40F829C720161E6200840651 /* Build configuration list for PBXNativeTarget "OpenAirSwift_iOSTests" */ = {
			isa = XCConfigurationList;
			buildConfigurations = (
				40F829C420161E6200840651 /* Debug */,
				40F829C520161E6200840651 /* Release */,
			);
			defaultConfigurationIsVisible = 0;
			defaultConfigurationName = Release;
		};
		40F829DE20161E7B00840651 /* Build configuration list for PBXNativeTarget "OpenAirSwift_Mac" */ = {
			isa = XCConfigurationList;
			buildConfigurations = (
				40F829DF20161E7B00840651 /* Debug */,
				40F829E020161E7B00840651 /* Release */,
			);
			defaultConfigurationIsVisible = 0;
			defaultConfigurationName = Release;
		};
		40F829E120161E7B00840651 /* Build configuration list for PBXNativeTarget "OpenAirSwift_MacTests" */ = {
			isa = XCConfigurationList;
			buildConfigurations = (
				40F829E220161E7B00840651 /* Debug */,
				40F829E320161E7B00840651 /* Release */,
			);
			defaultConfigurationIsVisible = 0;
			defaultConfigurationName = Release;
		};
		607FACCB1AFB9204008FA782 /* Build configuration list for PBXProject "OpenAirSwift" */ = {
			isa = XCConfigurationList;
			buildConfigurations = (
				607FACED1AFB9204008FA782 /* Debug */,
				607FACEE1AFB9204008FA782 /* Release */,
			);
			defaultConfigurationIsVisible = 0;
			defaultConfigurationName = Release;
		};
/* End XCConfigurationList section */
	};
	rootObject = 607FACC81AFB9204008FA782 /* Project object */;
}
