// !$*UTF8*$!
{
	archiveVersion = 1;
	classes = {
	};
	objectVersion = 46;
	objects = {

/* Begin PBXBuildFile section */
		4BE8C57E1E1177B3009C9C19 /* main.swift in Sources */ = {isa = PBXBuildFile; fileRef = 4BE8C57D1E1177B3009C9C19 /* main.swift */; };
		4BE8C5871E11A16F009C9C19 /* ConsoleIO.swift in Sources */ = {isa = PBXBuildFile; fileRef = 4BE8C5841E11A16F009C9C19 /* ConsoleIO.swift */; };
		4BE8C5881E11A16F009C9C19 /* Openair.swift in Sources */ = {isa = PBXBuildFile; fileRef = 4BE8C5851E11A16F009C9C19 /* Openair.swift */; };
		E1993C57449F41970B14343D /* Pods_OpenAir.framework in Frameworks */ = {isa = PBXBuildFile; fileRef = 79C1EC1E3E19BFA5942107FF /* Pods_OpenAir.framework */; };
/* End PBXBuildFile section */

/* Begin PBXCopyFilesBuildPhase section */
		4BE8C5781E1177B3009C9C19 /* CopyFiles */ = {
			isa = PBXCopyFilesBuildPhase;
			buildActionMask = 2147483647;
			dstPath = /usr/share/man/man1/;
			dstSubfolderSpec = 0;
			files = (
			);
			runOnlyForDeploymentPostprocessing = 1;
		};
/* End PBXCopyFilesBuildPhase section */

/* Begin PBXFileReference section */
		4BE8C57A1E1177B3009C9C19 /* OpenAir */ = {isa = PBXFileReference; explicitFileType = "compiled.mach-o.executable"; includeInIndex = 0; path = OpenAir; sourceTree = BUILT_PRODUCTS_DIR; };
		4BE8C57D1E1177B3009C9C19 /* main.swift */ = {isa = PBXFileReference; lastKnownFileType = sourcecode.swift; path = main.swift; sourceTree = "<group>"; };
		4BE8C5841E11A16F009C9C19 /* ConsoleIO.swift */ = {isa = PBXFileReference; fileEncoding = 4; lastKnownFileType = sourcecode.swift; path = ConsoleIO.swift; sourceTree = "<group>"; };
		4BE8C5851E11A16F009C9C19 /* Openair.swift */ = {isa = PBXFileReference; fileEncoding = 4; lastKnownFileType = sourcecode.swift; path = Openair.swift; sourceTree = "<group>"; };
		79C1EC1E3E19BFA5942107FF /* Pods_OpenAir.framework */ = {isa = PBXFileReference; explicitFileType = wrapper.framework; includeInIndex = 0; path = Pods_OpenAir.framework; sourceTree = BUILT_PRODUCTS_DIR; };
		B9D121DC22BB81FCAE825779 /* Pods-OpenAir.release.xcconfig */ = {isa = PBXFileReference; includeInIndex = 1; lastKnownFileType = text.xcconfig; name = "Pods-OpenAir.release.xcconfig"; path = "Pods/Target Support Files/Pods-OpenAir/Pods-OpenAir.release.xcconfig"; sourceTree = "<group>"; };
		D4DFBDBB10353FF66509BBB9 /* Pods-OpenAir.debug.xcconfig */ = {isa = PBXFileReference; includeInIndex = 1; lastKnownFileType = text.xcconfig; name = "Pods-OpenAir.debug.xcconfig"; path = "Pods/Target Support Files/Pods-OpenAir/Pods-OpenAir.debug.xcconfig"; sourceTree = "<group>"; };
/* End PBXFileReference section */

/* Begin PBXFrameworksBuildPhase section */
		4BE8C5771E1177B3009C9C19 /* Frameworks */ = {
			isa = PBXFrameworksBuildPhase;
			buildActionMask = 2147483647;
			files = (
				E1993C57449F41970B14343D /* Pods_OpenAir.framework in Frameworks */,
			);
			runOnlyForDeploymentPostprocessing = 0;
		};
/* End PBXFrameworksBuildPhase section */

/* Begin PBXGroup section */
		4BE8C5711E1177B3009C9C19 = {
			isa = PBXGroup;
			children = (
				4BE8C57C1E1177B3009C9C19 /* OpenAir */,
				4BE8C57B1E1177B3009C9C19 /* Products */,
				D8F08CE792C642EE3FF39CD1 /* Pods */,
				D207A7F74340A7F6CAF31BC9 /* Frameworks */,
			);
			sourceTree = "<group>";
		};
		4BE8C57B1E1177B3009C9C19 /* Products */ = {
			isa = PBXGroup;
			children = (
				4BE8C57A1E1177B3009C9C19 /* OpenAir */,
			);
			name = Products;
			sourceTree = "<group>";
		};
		4BE8C57C1E1177B3009C9C19 /* OpenAir */ = {
			isa = PBXGroup;
			children = (
				4BE8C57D1E1177B3009C9C19 /* main.swift */,
				4BE8C5841E11A16F009C9C19 /* ConsoleIO.swift */,
				4BE8C5851E11A16F009C9C19 /* Openair.swift */,
			);
			path = OpenAir;
			sourceTree = "<group>";
		};
		D207A7F74340A7F6CAF31BC9 /* Frameworks */ = {
			isa = PBXGroup;
			children = (
				79C1EC1E3E19BFA5942107FF /* Pods_OpenAir.framework */,
			);
			name = Frameworks;
			sourceTree = "<group>";
		};
		D8F08CE792C642EE3FF39CD1 /* Pods */ = {
			isa = PBXGroup;
			children = (
				D4DFBDBB10353FF66509BBB9 /* Pods-OpenAir.debug.xcconfig */,
				B9D121DC22BB81FCAE825779 /* Pods-OpenAir.release.xcconfig */,
			);
			name = Pods;
			sourceTree = "<group>";
		};
/* End PBXGroup section */

/* Begin PBXNativeTarget section */
		4BE8C5791E1177B3009C9C19 /* OpenAir */ = {
			isa = PBXNativeTarget;
			buildConfigurationList = 4BE8C5811E1177B3009C9C19 /* Build configuration list for PBXNativeTarget "OpenAir" */;
			buildPhases = (
				95D108D85AABF5FF2737AACB /* [CP] Check Pods Manifest.lock */,
				4BE8C5761E1177B3009C9C19 /* Sources */,
				4BE8C5771E1177B3009C9C19 /* Frameworks */,
				4BE8C5781E1177B3009C9C19 /* CopyFiles */,
				52BAF3317C07B00AD02F5A09 /* [CP] Copy Pods Resources */,
			);
			buildRules = (
			);
			dependencies = (
			);
			name = OpenAir;
			productName = OpenAir;
			productReference = 4BE8C57A1E1177B3009C9C19 /* OpenAir */;
			productType = "com.apple.product-type.tool";
		};
/* End PBXNativeTarget section */

/* Begin PBXProject section */
		4BE8C5721E1177B3009C9C19 /* Project object */ = {
			isa = PBXProject;
			attributes = {
				LastSwiftUpdateCheck = 0820;
				LastUpgradeCheck = 0820;
				ORGANIZATIONNAME = "Sameh Mabrouk";
				TargetAttributes = {
					4BE8C5791E1177B3009C9C19 = {
						CreatedOnToolsVersion = 8.2;
						DevelopmentTeam = R596F9CQZ5;
						ProvisioningStyle = Automatic;
					};
				};
			};
			buildConfigurationList = 4BE8C5751E1177B3009C9C19 /* Build configuration list for PBXProject "OpenAir" */;
			compatibilityVersion = "Xcode 3.2";
			developmentRegion = English;
			hasScannedForEncodings = 0;
			knownRegions = (
				en,
			);
			mainGroup = 4BE8C5711E1177B3009C9C19;
			productRefGroup = 4BE8C57B1E1177B3009C9C19 /* Products */;
			projectDirPath = "";
			projectRoot = "";
			targets = (
				4BE8C5791E1177B3009C9C19 /* OpenAir */,
			);
		};
/* End PBXProject section */

/* Begin PBXShellScriptBuildPhase section */
		52BAF3317C07B00AD02F5A09 /* [CP] Copy Pods Resources */ = {
			isa = PBXShellScriptBuildPhase;
			buildActionMask = 2147483647;
			files = (
			);
			inputPaths = (
			);
			name = "[CP] Copy Pods Resources";
			outputPaths = (
			);
			runOnlyForDeploymentPostprocessing = 0;
			shellPath = /bin/sh;
			shellScript = "\"${SRCROOT}/Pods/Target Support Files/Pods-OpenAir/Pods-OpenAir-resources.sh\"\n";
			showEnvVarsInLog = 0;
		};
		95D108D85AABF5FF2737AACB /* [CP] Check Pods Manifest.lock */ = {
			isa = PBXShellScriptBuildPhase;
			buildActionMask = 2147483647;
			files = (
			);
			inputPaths = (
				"${PODS_PODFILE_DIR_PATH}/Podfile.lock",
				"${PODS_ROOT}/Manifest.lock",
			);
			name = "[CP] Check Pods Manifest.lock";
			outputPaths = (
				"$(DERIVED_FILE_DIR)/Pods-OpenAir-checkManifestLockResult.txt",
			);
			runOnlyForDeploymentPostprocessing = 0;
			shellPath = /bin/sh;
			shellScript = "diff \"${PODS_PODFILE_DIR_PATH}/Podfile.lock\" \"${PODS_ROOT}/Manifest.lock\" > /dev/null\nif [ $? != 0 ] ; then\n    # print error to STDERR\n    echo \"error: The sandbox is not in sync with the Podfile.lock. Run 'pod install' or update your CocoaPods installation.\" >&2\n    exit 1\nfi\n# This output is used by Xcode 'outputs' to avoid re-running this script phase.\necho \"SUCCESS\" > \"${SCRIPT_OUTPUT_FILE_0}\"\n";
			showEnvVarsInLog = 0;
		};
/* End PBXShellScriptBuildPhase section */

/* Begin PBXSourcesBuildPhase section */
		4BE8C5761E1177B3009C9C19 /* Sources */ = {
			isa = PBXSourcesBuildPhase;
			buildActionMask = 2147483647;
			files = (
				4BE8C57E1E1177B3009C9C19 /* main.swift in Sources */,
				4BE8C5871E11A16F009C9C19 /* ConsoleIO.swift in Sources */,
				4BE8C5881E11A16F009C9C19 /* Openair.swift in Sources */,
			);
			runOnlyForDeploymentPostprocessing = 0;
		};
/* End PBXSourcesBuildPhase section */

/* Begin XCBuildConfiguration section */
		4BE8C57F1E1177B3009C9C19 /* Debug */ = {
			isa = XCBuildConfiguration;
			buildSettings = {
				ALWAYS_SEARCH_USER_PATHS = NO;
				CLANG_ANALYZER_NONNULL = YES;
				CLANG_CXX_LANGUAGE_STANDARD = "gnu++0x";
				CLANG_CXX_LIBRARY = "libc++";
				CLANG_ENABLE_MODULES = YES;
				CLANG_ENABLE_OBJC_ARC = YES;
				CLANG_WARN_BOOL_CONVERSION = YES;
				CLANG_WARN_CONSTANT_CONVERSION = YES;
				CLANG_WARN_DIRECT_OBJC_ISA_USAGE = YES_ERROR;
				CLANG_WARN_DOCUMENTATION_COMMENTS = YES;
				CLANG_WARN_EMPTY_BODY = YES;
				CLANG_WARN_ENUM_CONVERSION = YES;
				CLANG_WARN_INFINITE_RECURSION = YES;
				CLANG_WARN_INT_CONVERSION = YES;
				CLANG_WARN_OBJC_ROOT_CLASS = YES_ERROR;
				CLANG_WARN_SUSPICIOUS_MOVE = YES;
				CLANG_WARN_UNREACHABLE_CODE = YES;
				CLANG_WARN__DUPLICATE_METHOD_MATCH = YES;
				CODE_SIGN_IDENTITY = "-";
				COPY_PHASE_STRIP = NO;
				DEBUG_INFORMATION_FORMAT = dwarf;
				ENABLE_STRICT_OBJC_MSGSEND = YES;
				ENABLE_TESTABILITY = YES;
				GCC_C_LANGUAGE_STANDARD = gnu99;
				GCC_DYNAMIC_NO_PIC = NO;
				GCC_NO_COMMON_BLOCKS = YES;
				GCC_OPTIMIZATION_LEVEL = 0;
				GCC_PREPROCESSOR_DEFINITIONS = (
					"DEBUG=1",
					"$(inherited)",
				);
				GCC_WARN_64_TO_32_BIT_CONVERSION = YES;
				GCC_WARN_ABOUT_RETURN_TYPE = YES_ERROR;
				GCC_WARN_UNDECLARED_SELECTOR = YES;
				GCC_WARN_UNINITIALIZED_AUTOS = YES_AGGRESSIVE;
				GCC_WARN_UNUSED_FUNCTION = YES;
				GCC_WARN_UNUSED_VARIABLE = YES;
				MACOSX_DEPLOYMENT_TARGET = 10.11;
				MTL_ENABLE_DEBUG_INFO = YES;
				ONLY_ACTIVE_ARCH = YES;
				SDKROOT = macosx;
				SWIFT_OPTIMIZATION_LEVEL = "-Onone";
			};
			name = Debug;
		};
		4BE8C5801E1177B3009C9C19 /* Release */ = {
			isa = XCBuildConfiguration;
			buildSettings = {
				ALWAYS_SEARCH_USER_PATHS = NO;
				CLANG_ANALYZER_NONNULL = YES;
				CLANG_CXX_LANGUAGE_STANDARD = "gnu++0x";
				CLANG_CXX_LIBRARY = "libc++";
				CLANG_ENABLE_MODULES = YES;
				CLANG_ENABLE_OBJC_ARC = YES;
				CLANG_WARN_BOOL_CONVERSION = YES;
				CLANG_WARN_CONSTANT_CONVERSION = YES;
				CLANG_WARN_DIRECT_OBJC_ISA_USAGE = YES_ERROR;
				CLANG_WARN_DOCUMENTATION_COMMENTS = YES;
				CLANG_WARN_EMPTY_BODY = YES;
				CLANG_WARN_ENUM_CONVERSION = YES;
				CLANG_WARN_INFINITE_RECURSION = YES;
				CLANG_WARN_INT_CONVERSION = YES;
				CLANG_WARN_OBJC_ROOT_CLASS = YES_ERROR;
				CLANG_WARN_SUSPICIOUS_MOVE = YES;
				CLANG_WARN_UNREACHABLE_CODE = YES;
				CLANG_WARN__DUPLICATE_METHOD_MATCH = YES;
				CODE_SIGN_IDENTITY = "-";
				COPY_PHASE_STRIP = NO;
				DEBUG_INFORMATION_FORMAT = "dwarf-with-dsym";
				ENABLE_NS_ASSERTIONS = NO;
				ENABLE_STRICT_OBJC_MSGSEND = YES;
				GCC_C_LANGUAGE_STANDARD = gnu99;
				GCC_NO_COMMON_BLOCKS = YES;
				GCC_WARN_64_TO_32_BIT_CONVERSION = YES;
				GCC_WARN_ABOUT_RETURN_TYPE = YES_ERROR;
				GCC_WARN_UNDECLARED_SELECTOR = YES;
				GCC_WARN_UNINITIALIZED_AUTOS = YES_AGGRESSIVE;
				GCC_WARN_UNUSED_FUNCTION = YES;
				GCC_WARN_UNUSED_VARIABLE = YES;
				MACOSX_DEPLOYMENT_TARGET = 10.11;
				MTL_ENABLE_DEBUG_INFO = NO;
				SDKROOT = macosx;
			};
			name = Release;
		};
		4BE8C5821E1177B3009C9C19 /* Debug */ = {
			isa = XCBuildConfiguration;
			baseConfigurationReference = D4DFBDBB10353FF66509BBB9 /* Pods-OpenAir.debug.xcconfig */;
			buildSettings = {
				DEVELOPMENT_TEAM = R596F9CQZ5;
				MACOSX_DEPLOYMENT_TARGET = 10.9;
				PRODUCT_NAME = "$(TARGET_NAME)";
				SWIFT_VERSION = 4.0;
			};
			name = Debug;
		};
		4BE8C5831E1177B3009C9C19 /* Release */ = {
			isa = XCBuildConfiguration;
			baseConfigurationReference = B9D121DC22BB81FCAE825779 /* Pods-OpenAir.release.xcconfig */;
			buildSettings = {
				DEVELOPMENT_TEAM = R596F9CQZ5;
				MACOSX_DEPLOYMENT_TARGET = 10.9;
				PRODUCT_NAME = "$(TARGET_NAME)";
				SWIFT_VERSION = 4.0;
			};
			name = Release;
		};
/* End XCBuildConfiguration section */

/* Begin XCConfigurationList section */
		4BE8C5751E1177B3009C9C19 /* Build configuration list for PBXProject "OpenAir" */ = {
			isa = XCConfigurationList;
			buildConfigurations = (
				4BE8C57F1E1177B3009C9C19 /* Debug */,
				4BE8C5801E1177B3009C9C19 /* Release */,
			);
			defaultConfigurationIsVisible = 0;
			defaultConfigurationName = Release;
		};
		4BE8C5811E1177B3009C9C19 /* Build configuration list for PBXNativeTarget "OpenAir" */ = {
			isa = XCConfigurationList;
			buildConfigurations = (
				4BE8C5821E1177B3009C9C19 /* Debug */,
				4BE8C5831E1177B3009C9C19 /* Release */,
			);
			defaultConfigurationIsVisible = 0;
			defaultConfigurationName = Release;
		};
/* End XCConfigurationList section */
	};
	rootObject = 4BE8C5721E1177B3009C9C19 /* Project object */;
}
